// !$*UTF8*$!
{
	archiveVersion = 1;
	classes = {
	};
	objectVersion = 50;
	objects = {

/* Begin PBXBuildFile section */
		43428ADD25698C1700498505 /* CompanyCollectionViewCell.swift in Sources */ = {isa = PBXBuildFile; fileRef = 43428ADB25698C1700498505 /* CompanyCollectionViewCell.swift */; };
		43428ADE25698C1700498505 /* CompanyCollectionViewCell.xib in Resources */ = {isa = PBXBuildFile; fileRef = 43428ADC25698C1700498505 /* CompanyCollectionViewCell.xib */; };
		4346E9A5256FA38800BF8B05 /* CompanyDetailsInteractor.swift in Sources */ = {isa = PBXBuildFile; fileRef = 4346E9A4256FA38800BF8B05 /* CompanyDetailsInteractor.swift */; };
		4346E9A8256FA3B800BF8B05 /* CompanyDetailsPresenter.swift in Sources */ = {isa = PBXBuildFile; fileRef = 4346E9A7256FA3B800BF8B05 /* CompanyDetailsPresenter.swift */; };
		4346E9AB256FA3E500BF8B05 /* CompanyDetailsWorker.swift in Sources */ = {isa = PBXBuildFile; fileRef = 4346E9AA256FA3E500BF8B05 /* CompanyDetailsWorker.swift */; };
		4346E9AE256FA40700BF8B05 /* CompanyDetailsModels.swift in Sources */ = {isa = PBXBuildFile; fileRef = 4346E9AD256FA40700BF8B05 /* CompanyDetailsModels.swift */; };
		4346E9B1256FA42F00BF8B05 /* CompanyDetailsConfigurator.swift in Sources */ = {isa = PBXBuildFile; fileRef = 4346E9B0256FA42F00BF8B05 /* CompanyDetailsConfigurator.swift */; };
		4346E9B8257033A700BF8B05 /* Details.swift in Sources */ = {isa = PBXBuildFile; fileRef = 4346E9B7257033A700BF8B05 /* Details.swift */; };
		4346E9BB257036B200BF8B05 /* DetailsResponse.swift in Sources */ = {isa = PBXBuildFile; fileRef = 4346E9BA257036B200BF8B05 /* DetailsResponse.swift */; };
		43581F8225B078CA00AAAB51 /* NewShare.swift in Sources */ = {isa = PBXBuildFile; fileRef = 43581F8125B078CA00AAAB51 /* NewShare.swift */; };
		435D7897257692F100A3385E /* CompanyCollectionViewController.swift in Sources */ = {isa = PBXBuildFile; fileRef = 435D7895257692F100A3385E /* CompanyCollectionViewController.swift */; };
		435D7898257692F100A3385E /* CompanyCollectionViewController.xib in Resources */ = {isa = PBXBuildFile; fileRef = 435D7896257692F100A3385E /* CompanyCollectionViewController.xib */; };
		4360BD25258B6173009F9C75 /* PortfolioSharesInteractor.swift in Sources */ = {isa = PBXBuildFile; fileRef = 4360BD24258B6173009F9C75 /* PortfolioSharesInteractor.swift */; };
		4360BD28258B61A1009F9C75 /* PortfolioSharesPresenter.swift in Sources */ = {isa = PBXBuildFile; fileRef = 4360BD27258B61A1009F9C75 /* PortfolioSharesPresenter.swift */; };
		4360BD2E258B61ED009F9C75 /* PortfolioSharesModels.swift in Sources */ = {isa = PBXBuildFile; fileRef = 4360BD2D258B61ED009F9C75 /* PortfolioSharesModels.swift */; };
		4360BD31258B6213009F9C75 /* PortfolioSharesConfigurator.swift in Sources */ = {isa = PBXBuildFile; fileRef = 4360BD30258B6213009F9C75 /* PortfolioSharesConfigurator.swift */; };
		4360BD36258B629A009F9C75 /* PortfolioSharesTableViewCell.swift in Sources */ = {isa = PBXBuildFile; fileRef = 4360BD34258B629A009F9C75 /* PortfolioSharesTableViewCell.swift */; };
		4360BD37258B629A009F9C75 /* PortfolioSharesTableViewCell.xib in Resources */ = {isa = PBXBuildFile; fileRef = 4360BD35258B629A009F9C75 /* PortfolioSharesTableViewCell.xib */; };
		4363E388256E5EF200345690 /* CompaniesResponse.swift in Sources */ = {isa = PBXBuildFile; fileRef = 4363E387256E5EF200345690 /* CompaniesResponse.swift */; };
		4363E38C256E99C200345690 /* CompanyDetailsViewController.swift in Sources */ = {isa = PBXBuildFile; fileRef = 4363E38B256E99C200345690 /* CompanyDetailsViewController.swift */; };
		4363E38F256E9A1200345690 /* CompanyDetailsViewController.xib in Resources */ = {isa = PBXBuildFile; fileRef = 4363E38E256E9A1200345690 /* CompanyDetailsViewController.xib */; };
		4363E397256EA1BE00345690 /* Assets.xcassets in Resources */ = {isa = PBXBuildFile; fileRef = 4363E396256EA1BE00345690 /* Assets.xcassets */; };
		43644BAF258A2CBE007AE170 /* PortfolioSharesViewController.swift in Sources */ = {isa = PBXBuildFile; fileRef = 43644BAD258A2CBE007AE170 /* PortfolioSharesViewController.swift */; };
		43644BB0258A2CBE007AE170 /* PortfolioSharesViewController.xib in Resources */ = {isa = PBXBuildFile; fileRef = 43644BAE258A2CBE007AE170 /* PortfolioSharesViewController.xib */; };
		436DE7C725795C1400FB02B8 /* CompanyCollectionInteractor.swift in Sources */ = {isa = PBXBuildFile; fileRef = 436DE7C625795C1400FB02B8 /* CompanyCollectionInteractor.swift */; };
		436DE7CA25795C4000FB02B8 /* CompanyCollectionPresenter.swift in Sources */ = {isa = PBXBuildFile; fileRef = 436DE7C925795C4000FB02B8 /* CompanyCollectionPresenter.swift */; };
		436DE7CD25795C7700FB02B8 /* CompanyCollectionModels.swift in Sources */ = {isa = PBXBuildFile; fileRef = 436DE7CC25795C7700FB02B8 /* CompanyCollectionModels.swift */; };
		436DE7D025795C9F00FB02B8 /* CompanyCollectionConfigurator.swift in Sources */ = {isa = PBXBuildFile; fileRef = 436DE7CF25795C9F00FB02B8 /* CompanyCollectionConfigurator.swift */; };
		436EB8D2256BF45200BC1561 /* SelfSizedTableView.swift in Sources */ = {isa = PBXBuildFile; fileRef = 436EB8D1256BF45200BC1561 /* SelfSizedTableView.swift */; };
		436FFF7125666AA10093190C /* Client.swift in Sources */ = {isa = PBXBuildFile; fileRef = 436FFF7025666AA10093190C /* Client.swift */; };
		436FFF76256700730093190C /* CompanyListInteractor.swift in Sources */ = {isa = PBXBuildFile; fileRef = 436FFF75256700730093190C /* CompanyListInteractor.swift */; };
		436FFF792567010B0093190C /* CompanyListPresenter.swift in Sources */ = {isa = PBXBuildFile; fileRef = 436FFF782567010B0093190C /* CompanyListPresenter.swift */; };
		436FFF7D256701380093190C /* CompanyListWorker.swift in Sources */ = {isa = PBXBuildFile; fileRef = 436FFF7C256701380093190C /* CompanyListWorker.swift */; };
		436FFF802567015A0093190C /* CompanyListRouter.swift in Sources */ = {isa = PBXBuildFile; fileRef = 436FFF7F2567015A0093190C /* CompanyListRouter.swift */; };
		436FFF83256703940093190C /* CompanyListModels.swift in Sources */ = {isa = PBXBuildFile; fileRef = 436FFF82256703940093190C /* CompanyListModels.swift */; };
		436FFF86256703C30093190C /* CompanyListConfigurator.swift in Sources */ = {isa = PBXBuildFile; fileRef = 436FFF85256703C30093190C /* CompanyListConfigurator.swift */; };
		4377A4AE257F8D6A00E6DF16 /* CompanyTabBarController.swift in Sources */ = {isa = PBXBuildFile; fileRef = 4377A4AD257F8D6A00E6DF16 /* CompanyTabBarController.swift */; };
		4382CA6D2581126C00C2F221 /* CompanyShares.xcdatamodeld in Sources */ = {isa = PBXBuildFile; fileRef = 4382CA6B2581126C00C2F221 /* CompanyShares.xcdatamodeld */; };
		4382CA7525813A4C00C2F221 /* PortfolioListViewController.swift in Sources */ = {isa = PBXBuildFile; fileRef = 4382CA7325813A4C00C2F221 /* PortfolioListViewController.swift */; };
		4382CA7625813A4C00C2F221 /* PortfolioListViewController.xib in Resources */ = {isa = PBXBuildFile; fileRef = 4382CA7425813A4C00C2F221 /* PortfolioListViewController.xib */; };
		4382CA7B2581456D00C2F221 /* PortfolioListTableViewCell.swift in Sources */ = {isa = PBXBuildFile; fileRef = 4382CA792581456D00C2F221 /* PortfolioListTableViewCell.swift */; };
		4382CA7C2581456D00C2F221 /* PortfolioListTableViewCell.xib in Resources */ = {isa = PBXBuildFile; fileRef = 4382CA7A2581456D00C2F221 /* PortfolioListTableViewCell.xib */; };
		4384D3CE25AC412A00812801 /* AddSharesInteractor.swift in Sources */ = {isa = PBXBuildFile; fileRef = 4384D3CD25AC412A00812801 /* AddSharesInteractor.swift */; };
		4384D3D425AC4D5D00812801 /* AddSharesModels.swift in Sources */ = {isa = PBXBuildFile; fileRef = 4384D3D325AC4D5D00812801 /* AddSharesModels.swift */; };
		4384D3D725AC4E4E00812801 /* AddSharesPresenter.swift in Sources */ = {isa = PBXBuildFile; fileRef = 4384D3D625AC4E4E00812801 /* AddSharesPresenter.swift */; };
		4384D3DA25AC4E7900812801 /* AddSharesConfigurator.swift in Sources */ = {isa = PBXBuildFile; fileRef = 4384D3D925AC4E7900812801 /* AddSharesConfigurator.swift */; };
		4387CD2425874F9C0029718E /* PortfolioWithPrices.swift in Sources */ = {isa = PBXBuildFile; fileRef = 4387CD2325874F9C0029718E /* PortfolioWithPrices.swift */; };
		4387CD272587510C0029718E /* PortfolioListInteractor.swift in Sources */ = {isa = PBXBuildFile; fileRef = 4387CD262587510C0029718E /* PortfolioListInteractor.swift */; };
		4387CD2A2587513D0029718E /* PortfolioListPresenter.swift in Sources */ = {isa = PBXBuildFile; fileRef = 4387CD292587513D0029718E /* PortfolioListPresenter.swift */; };
		4387CD302587518D0029718E /* PorfolioListRouter.swift in Sources */ = {isa = PBXBuildFile; fileRef = 4387CD2F2587518D0029718E /* PorfolioListRouter.swift */; };
		4387CD33258751BD0029718E /* PorfolioListModels.swift in Sources */ = {isa = PBXBuildFile; fileRef = 4387CD32258751BD0029718E /* PorfolioListModels.swift */; };
		4387CD37258752080029718E /* PortfolioListConfigurator.swift in Sources */ = {isa = PBXBuildFile; fileRef = 4387CD36258752080029718E /* PortfolioListConfigurator.swift */; };
		4387CD3A258760D60029718E /* DataSourceOfShare.swift in Sources */ = {isa = PBXBuildFile; fileRef = 4387CD39258760D60029718E /* DataSourceOfShare.swift */; };
		43888EB12583741B000A689D /* CoreDataManager.swift in Sources */ = {isa = PBXBuildFile; fileRef = 43888EB02583741B000A689D /* CoreDataManager.swift */; };
		43888EB52583798F000A689D /* DataSourceOfPortfolio.swift in Sources */ = {isa = PBXBuildFile; fileRef = 43888EB42583798F000A689D /* DataSourceOfPortfolio.swift */; };
		438D67B425AB359A0030979D /* AddSharesViewController.xib in Resources */ = {isa = PBXBuildFile; fileRef = 438D67B225AB359A0030979D /* AddSharesViewController.xib */; };
		438D67B525AB359A0030979D /* AddSharesViewController.swift in Sources */ = {isa = PBXBuildFile; fileRef = 438D67B325AB359A0030979D /* AddSharesViewController.swift */; };
		43939059257104DB003E8675 /* CompanyResult.swift in Sources */ = {isa = PBXBuildFile; fileRef = 43939058257104DB003E8675 /* CompanyResult.swift */; };
		43986F4B2573FFA900EF002D /* Localizable.strings in Resources */ = {isa = PBXBuildFile; fileRef = 43986F4D2573FFA900EF002D /* Localizable.strings */; };
		4398E98A2599D8E800416316 /* DataSourceOfSelectedCompany.swift in Sources */ = {isa = PBXBuildFile; fileRef = 4398E9892599D8E800416316 /* DataSourceOfSelectedCompany.swift */; };
		43A07C4F25933E350055995A /* ShareWithPrices.swift in Sources */ = {isa = PBXBuildFile; fileRef = 43A07C4E25933E350055995A /* ShareWithPrices.swift */; };
		43A07C5325935C370055995A /* String+Localizable.swift in Sources */ = {isa = PBXBuildFile; fileRef = 43A07C5225935C370055995A /* String+Localizable.swift */; };
		43BF863D256556E100394FAD /* AppDelegate.swift in Sources */ = {isa = PBXBuildFile; fileRef = 43BF863C256556E100394FAD /* AppDelegate.swift */; };
		43BF863F256556E100394FAD /* SceneDelegate.swift in Sources */ = {isa = PBXBuildFile; fileRef = 43BF863E256556E100394FAD /* SceneDelegate.swift */; };
		43BF8641256556E100394FAD /* CompanyListViewController.swift in Sources */ = {isa = PBXBuildFile; fileRef = 43BF8640256556E100394FAD /* CompanyListViewController.swift */; };
		43BF8649256556E200394FAD /* LaunchScreen.storyboard in Resources */ = {isa = PBXBuildFile; fileRef = 43BF8647256556E200394FAD /* LaunchScreen.storyboard */; };
		43BF865525655BB200394FAD /* CompanyListViewController.xib in Resources */ = {isa = PBXBuildFile; fileRef = 43BF865425655BB200394FAD /* CompanyListViewController.xib */; };
		43BF865C2565884600394FAD /* CompanyListTableViewCell.swift in Sources */ = {isa = PBXBuildFile; fileRef = 43BF865A2565884600394FAD /* CompanyListTableViewCell.swift */; };
		43BF865D2565884600394FAD /* CompanyListTableViewCell.xib in Resources */ = {isa = PBXBuildFile; fileRef = 43BF865B2565884600394FAD /* CompanyListTableViewCell.xib */; };
		43BF86622565A63600394FAD /* Company.swift in Sources */ = {isa = PBXBuildFile; fileRef = 43BF86612565A63600394FAD /* Company.swift */; };
/* End PBXBuildFile section */

/* Begin PBXFileReference section */
		43428ADB25698C1700498505 /* CompanyCollectionViewCell.swift */ = {isa = PBXFileReference; lastKnownFileType = sourcecode.swift; path = CompanyCollectionViewCell.swift; sourceTree = "<group>"; };
		43428ADC25698C1700498505 /* CompanyCollectionViewCell.xib */ = {isa = PBXFileReference; lastKnownFileType = file.xib; path = CompanyCollectionViewCell.xib; sourceTree = "<group>"; };
		4346E9A4256FA38800BF8B05 /* CompanyDetailsInteractor.swift */ = {isa = PBXFileReference; lastKnownFileType = sourcecode.swift; path = CompanyDetailsInteractor.swift; sourceTree = "<group>"; };
		4346E9A7256FA3B800BF8B05 /* CompanyDetailsPresenter.swift */ = {isa = PBXFileReference; lastKnownFileType = sourcecode.swift; path = CompanyDetailsPresenter.swift; sourceTree = "<group>"; };
		4346E9AA256FA3E500BF8B05 /* CompanyDetailsWorker.swift */ = {isa = PBXFileReference; lastKnownFileType = sourcecode.swift; path = CompanyDetailsWorker.swift; sourceTree = "<group>"; };
		4346E9AD256FA40700BF8B05 /* CompanyDetailsModels.swift */ = {isa = PBXFileReference; lastKnownFileType = sourcecode.swift; path = CompanyDetailsModels.swift; sourceTree = "<group>"; };
		4346E9B0256FA42F00BF8B05 /* CompanyDetailsConfigurator.swift */ = {isa = PBXFileReference; lastKnownFileType = sourcecode.swift; path = CompanyDetailsConfigurator.swift; sourceTree = "<group>"; };
		4346E9B7257033A700BF8B05 /* Details.swift */ = {isa = PBXFileReference; lastKnownFileType = sourcecode.swift; path = Details.swift; sourceTree = "<group>"; };
		4346E9BA257036B200BF8B05 /* DetailsResponse.swift */ = {isa = PBXFileReference; lastKnownFileType = sourcecode.swift; path = DetailsResponse.swift; sourceTree = "<group>"; };
		43581F8125B078CA00AAAB51 /* NewShare.swift */ = {isa = PBXFileReference; lastKnownFileType = sourcecode.swift; path = NewShare.swift; sourceTree = "<group>"; };
		435D7895257692F100A3385E /* CompanyCollectionViewController.swift */ = {isa = PBXFileReference; lastKnownFileType = sourcecode.swift; path = CompanyCollectionViewController.swift; sourceTree = "<group>"; };
		435D7896257692F100A3385E /* CompanyCollectionViewController.xib */ = {isa = PBXFileReference; lastKnownFileType = file.xib; path = CompanyCollectionViewController.xib; sourceTree = "<group>"; };
		4360BD24258B6173009F9C75 /* PortfolioSharesInteractor.swift */ = {isa = PBXFileReference; lastKnownFileType = sourcecode.swift; path = PortfolioSharesInteractor.swift; sourceTree = "<group>"; };
		4360BD27258B61A1009F9C75 /* PortfolioSharesPresenter.swift */ = {isa = PBXFileReference; lastKnownFileType = sourcecode.swift; path = PortfolioSharesPresenter.swift; sourceTree = "<group>"; };
		4360BD2D258B61ED009F9C75 /* PortfolioSharesModels.swift */ = {isa = PBXFileReference; lastKnownFileType = sourcecode.swift; path = PortfolioSharesModels.swift; sourceTree = "<group>"; };
		4360BD30258B6213009F9C75 /* PortfolioSharesConfigurator.swift */ = {isa = PBXFileReference; lastKnownFileType = sourcecode.swift; path = PortfolioSharesConfigurator.swift; sourceTree = "<group>"; };
		4360BD34258B629A009F9C75 /* PortfolioSharesTableViewCell.swift */ = {isa = PBXFileReference; lastKnownFileType = sourcecode.swift; path = PortfolioSharesTableViewCell.swift; sourceTree = "<group>"; };
		4360BD35258B629A009F9C75 /* PortfolioSharesTableViewCell.xib */ = {isa = PBXFileReference; lastKnownFileType = file.xib; path = PortfolioSharesTableViewCell.xib; sourceTree = "<group>"; };
		4363E387256E5EF200345690 /* CompaniesResponse.swift */ = {isa = PBXFileReference; lastKnownFileType = sourcecode.swift; path = CompaniesResponse.swift; sourceTree = "<group>"; };
		4363E38B256E99C200345690 /* CompanyDetailsViewController.swift */ = {isa = PBXFileReference; lastKnownFileType = sourcecode.swift; path = CompanyDetailsViewController.swift; sourceTree = "<group>"; };
		4363E38E256E9A1200345690 /* CompanyDetailsViewController.xib */ = {isa = PBXFileReference; lastKnownFileType = file.xib; path = CompanyDetailsViewController.xib; sourceTree = "<group>"; };
		4363E396256EA1BE00345690 /* Assets.xcassets */ = {isa = PBXFileReference; lastKnownFileType = folder.assetcatalog; path = Assets.xcassets; sourceTree = "<group>"; };
		43644BAD258A2CBE007AE170 /* PortfolioSharesViewController.swift */ = {isa = PBXFileReference; lastKnownFileType = sourcecode.swift; path = PortfolioSharesViewController.swift; sourceTree = "<group>"; };
		43644BAE258A2CBE007AE170 /* PortfolioSharesViewController.xib */ = {isa = PBXFileReference; lastKnownFileType = file.xib; path = PortfolioSharesViewController.xib; sourceTree = "<group>"; };
		436DE7C625795C1400FB02B8 /* CompanyCollectionInteractor.swift */ = {isa = PBXFileReference; lastKnownFileType = sourcecode.swift; path = CompanyCollectionInteractor.swift; sourceTree = "<group>"; };
		436DE7C925795C4000FB02B8 /* CompanyCollectionPresenter.swift */ = {isa = PBXFileReference; lastKnownFileType = sourcecode.swift; path = CompanyCollectionPresenter.swift; sourceTree = "<group>"; };
		436DE7CC25795C7700FB02B8 /* CompanyCollectionModels.swift */ = {isa = PBXFileReference; lastKnownFileType = sourcecode.swift; path = CompanyCollectionModels.swift; sourceTree = "<group>"; };
		436DE7CF25795C9F00FB02B8 /* CompanyCollectionConfigurator.swift */ = {isa = PBXFileReference; lastKnownFileType = sourcecode.swift; path = CompanyCollectionConfigurator.swift; sourceTree = "<group>"; };
		436EB8D1256BF45200BC1561 /* SelfSizedTableView.swift */ = {isa = PBXFileReference; lastKnownFileType = sourcecode.swift; path = SelfSizedTableView.swift; sourceTree = "<group>"; };
		436FFF7025666AA10093190C /* Client.swift */ = {isa = PBXFileReference; lastKnownFileType = sourcecode.swift; path = Client.swift; sourceTree = "<group>"; };
		436FFF75256700730093190C /* CompanyListInteractor.swift */ = {isa = PBXFileReference; lastKnownFileType = sourcecode.swift; path = CompanyListInteractor.swift; sourceTree = "<group>"; };
		436FFF782567010B0093190C /* CompanyListPresenter.swift */ = {isa = PBXFileReference; lastKnownFileType = sourcecode.swift; path = CompanyListPresenter.swift; sourceTree = "<group>"; };
		436FFF7C256701380093190C /* CompanyListWorker.swift */ = {isa = PBXFileReference; lastKnownFileType = sourcecode.swift; path = CompanyListWorker.swift; sourceTree = "<group>"; };
		436FFF7F2567015A0093190C /* CompanyListRouter.swift */ = {isa = PBXFileReference; lastKnownFileType = sourcecode.swift; path = CompanyListRouter.swift; sourceTree = "<group>"; };
		436FFF82256703940093190C /* CompanyListModels.swift */ = {isa = PBXFileReference; lastKnownFileType = sourcecode.swift; path = CompanyListModels.swift; sourceTree = "<group>"; };
		436FFF85256703C30093190C /* CompanyListConfigurator.swift */ = {isa = PBXFileReference; lastKnownFileType = sourcecode.swift; path = CompanyListConfigurator.swift; sourceTree = "<group>"; };
		4377A4AD257F8D6A00E6DF16 /* CompanyTabBarController.swift */ = {isa = PBXFileReference; lastKnownFileType = sourcecode.swift; path = CompanyTabBarController.swift; sourceTree = "<group>"; };
		4382CA6C2581126C00C2F221 /* CompanyShares.xcdatamodel */ = {isa = PBXFileReference; lastKnownFileType = wrapper.xcdatamodel; path = CompanyShares.xcdatamodel; sourceTree = "<group>"; };
		4382CA7325813A4C00C2F221 /* PortfolioListViewController.swift */ = {isa = PBXFileReference; lastKnownFileType = sourcecode.swift; path = PortfolioListViewController.swift; sourceTree = "<group>"; };
		4382CA7425813A4C00C2F221 /* PortfolioListViewController.xib */ = {isa = PBXFileReference; lastKnownFileType = file.xib; path = PortfolioListViewController.xib; sourceTree = "<group>"; };
		4382CA792581456D00C2F221 /* PortfolioListTableViewCell.swift */ = {isa = PBXFileReference; lastKnownFileType = sourcecode.swift; path = PortfolioListTableViewCell.swift; sourceTree = "<group>"; };
		4382CA7A2581456D00C2F221 /* PortfolioListTableViewCell.xib */ = {isa = PBXFileReference; lastKnownFileType = file.xib; path = PortfolioListTableViewCell.xib; sourceTree = "<group>"; };
		4384D3CD25AC412A00812801 /* AddSharesInteractor.swift */ = {isa = PBXFileReference; lastKnownFileType = sourcecode.swift; path = AddSharesInteractor.swift; sourceTree = "<group>"; };
		4384D3D325AC4D5D00812801 /* AddSharesModels.swift */ = {isa = PBXFileReference; lastKnownFileType = sourcecode.swift; path = AddSharesModels.swift; sourceTree = "<group>"; };
		4384D3D625AC4E4E00812801 /* AddSharesPresenter.swift */ = {isa = PBXFileReference; lastKnownFileType = sourcecode.swift; path = AddSharesPresenter.swift; sourceTree = "<group>"; };
		4384D3D925AC4E7900812801 /* AddSharesConfigurator.swift */ = {isa = PBXFileReference; lastKnownFileType = sourcecode.swift; path = AddSharesConfigurator.swift; sourceTree = "<group>"; };
		4387CD2325874F9C0029718E /* PortfolioWithPrices.swift */ = {isa = PBXFileReference; lastKnownFileType = sourcecode.swift; path = PortfolioWithPrices.swift; sourceTree = "<group>"; };
		4387CD262587510C0029718E /* PortfolioListInteractor.swift */ = {isa = PBXFileReference; lastKnownFileType = sourcecode.swift; path = PortfolioListInteractor.swift; sourceTree = "<group>"; };
		4387CD292587513D0029718E /* PortfolioListPresenter.swift */ = {isa = PBXFileReference; lastKnownFileType = sourcecode.swift; path = PortfolioListPresenter.swift; sourceTree = "<group>"; };
		4387CD2F2587518D0029718E /* PorfolioListRouter.swift */ = {isa = PBXFileReference; lastKnownFileType = sourcecode.swift; path = PorfolioListRouter.swift; sourceTree = "<group>"; };
		4387CD32258751BD0029718E /* PorfolioListModels.swift */ = {isa = PBXFileReference; lastKnownFileType = sourcecode.swift; path = PorfolioListModels.swift; sourceTree = "<group>"; };
		4387CD36258752080029718E /* PortfolioListConfigurator.swift */ = {isa = PBXFileReference; lastKnownFileType = sourcecode.swift; path = PortfolioListConfigurator.swift; sourceTree = "<group>"; };
		4387CD39258760D60029718E /* DataSourceOfShare.swift */ = {isa = PBXFileReference; lastKnownFileType = sourcecode.swift; path = DataSourceOfShare.swift; sourceTree = "<group>"; };
		43888EB02583741B000A689D /* CoreDataManager.swift */ = {isa = PBXFileReference; lastKnownFileType = sourcecode.swift; path = CoreDataManager.swift; sourceTree = "<group>"; };
		43888EB42583798F000A689D /* DataSourceOfPortfolio.swift */ = {isa = PBXFileReference; lastKnownFileType = sourcecode.swift; path = DataSourceOfPortfolio.swift; sourceTree = "<group>"; };
		438D67B225AB359A0030979D /* AddSharesViewController.xib */ = {isa = PBXFileReference; fileEncoding = 4; lastKnownFileType = file.xib; path = AddSharesViewController.xib; sourceTree = "<group>"; };
		438D67B325AB359A0030979D /* AddSharesViewController.swift */ = {isa = PBXFileReference; fileEncoding = 4; lastKnownFileType = sourcecode.swift; path = AddSharesViewController.swift; sourceTree = "<group>"; };
		43939058257104DB003E8675 /* CompanyResult.swift */ = {isa = PBXFileReference; lastKnownFileType = sourcecode.swift; path = CompanyResult.swift; sourceTree = "<group>"; };
		43986F492573FF9000EF002D /* ru */ = {isa = PBXFileReference; lastKnownFileType = text.plist.strings; name = ru; path = ru.lproj/LaunchScreen.strings; sourceTree = "<group>"; };
		43986F4C2573FFA900EF002D /* en */ = {isa = PBXFileReference; lastKnownFileType = text.plist.strings; name = en; path = en.lproj/Localizable.strings; sourceTree = "<group>"; };
		43986F4F2573FFC200EF002D /* ru */ = {isa = PBXFileReference; lastKnownFileType = text.plist.strings; name = ru; path = ru.lproj/Localizable.strings; sourceTree = "<group>"; };
		4398E9892599D8E800416316 /* DataSourceOfSelectedCompany.swift */ = {isa = PBXFileReference; lastKnownFileType = sourcecode.swift; path = DataSourceOfSelectedCompany.swift; sourceTree = "<group>"; };
		43A07C4E25933E350055995A /* ShareWithPrices.swift */ = {isa = PBXFileReference; lastKnownFileType = sourcecode.swift; path = ShareWithPrices.swift; sourceTree = "<group>"; };
		43A07C5225935C370055995A /* String+Localizable.swift */ = {isa = PBXFileReference; lastKnownFileType = sourcecode.swift; path = "String+Localizable.swift"; sourceTree = "<group>"; };
		43BF8639256556E100394FAD /* CompanyShares.app */ = {isa = PBXFileReference; explicitFileType = wrapper.application; includeInIndex = 0; path = CompanyShares.app; sourceTree = BUILT_PRODUCTS_DIR; };
		43BF863C256556E100394FAD /* AppDelegate.swift */ = {isa = PBXFileReference; lastKnownFileType = sourcecode.swift; path = AppDelegate.swift; sourceTree = "<group>"; };
		43BF863E256556E100394FAD /* SceneDelegate.swift */ = {isa = PBXFileReference; lastKnownFileType = sourcecode.swift; path = SceneDelegate.swift; sourceTree = "<group>"; };
		43BF8640256556E100394FAD /* CompanyListViewController.swift */ = {isa = PBXFileReference; lastKnownFileType = sourcecode.swift; path = CompanyListViewController.swift; sourceTree = "<group>"; };
		43BF8648256556E200394FAD /* Base */ = {isa = PBXFileReference; lastKnownFileType = file.storyboard; name = Base; path = Base.lproj/LaunchScreen.storyboard; sourceTree = "<group>"; };
		43BF864A256556E200394FAD /* Info.plist */ = {isa = PBXFileReference; lastKnownFileType = text.plist.xml; path = Info.plist; sourceTree = "<group>"; };
		43BF865425655BB200394FAD /* CompanyListViewController.xib */ = {isa = PBXFileReference; lastKnownFileType = file.xib; path = CompanyListViewController.xib; sourceTree = "<group>"; };
		43BF865A2565884600394FAD /* CompanyListTableViewCell.swift */ = {isa = PBXFileReference; lastKnownFileType = sourcecode.swift; path = CompanyListTableViewCell.swift; sourceTree = "<group>"; };
		43BF865B2565884600394FAD /* CompanyListTableViewCell.xib */ = {isa = PBXFileReference; lastKnownFileType = file.xib; path = CompanyListTableViewCell.xib; sourceTree = "<group>"; };
		43BF86612565A63600394FAD /* Company.swift */ = {isa = PBXFileReference; lastKnownFileType = sourcecode.swift; path = Company.swift; sourceTree = "<group>"; };
/* End PBXFileReference section */

/* Begin PBXFrameworksBuildPhase section */
		43BF8636256556E100394FAD /* Frameworks */ = {
			isa = PBXFrameworksBuildPhase;
			buildActionMask = 2147483647;
			files = (
			);
			runOnlyForDeploymentPostprocessing = 0;
		};
/* End PBXFrameworksBuildPhase section */

/* Begin PBXGroup section */
		43428ADA25698BA600498505 /* CompanyCollectionViewCell */ = {
			isa = PBXGroup;
			children = (
				43428ADB25698C1700498505 /* CompanyCollectionViewCell.swift */,
				43428ADC25698C1700498505 /* CompanyCollectionViewCell.xib */,
			);
			path = CompanyCollectionViewCell;
			sourceTree = "<group>";
		};
		4346E9B32570310300BF8B05 /* Entities */ = {
			isa = PBXGroup;
			children = (
				4363E387256E5EF200345690 /* CompaniesResponse.swift */,
				4346E9BA257036B200BF8B05 /* DetailsResponse.swift */,
				43BF86612565A63600394FAD /* Company.swift */,
				4346E9B7257033A700BF8B05 /* Details.swift */,
			);
			path = Entities;
			sourceTree = "<group>";
		};
		435D7894257692B300A3385E /* CompanyCollection */ = {
			isa = PBXGroup;
			children = (
				43428ADA25698BA600498505 /* CompanyCollectionViewCell */,
				435D7895257692F100A3385E /* CompanyCollectionViewController.swift */,
				435D7896257692F100A3385E /* CompanyCollectionViewController.xib */,
				436DE7C625795C1400FB02B8 /* CompanyCollectionInteractor.swift */,
				436DE7C925795C4000FB02B8 /* CompanyCollectionPresenter.swift */,
				436DE7CC25795C7700FB02B8 /* CompanyCollectionModels.swift */,
				436DE7CF25795C9F00FB02B8 /* CompanyCollectionConfigurator.swift */,
			);
			path = CompanyCollection;
			sourceTree = "<group>";
		};
		4360BD33258B6230009F9C75 /* PortfolioSharesTableViewCell */ = {
			isa = PBXGroup;
			children = (
				4360BD34258B629A009F9C75 /* PortfolioSharesTableViewCell.swift */,
				4360BD35258B629A009F9C75 /* PortfolioSharesTableViewCell.xib */,
			);
			path = PortfolioSharesTableViewCell;
			sourceTree = "<group>";
		};
		4363E38A256E992800345690 /* CompanyDetails */ = {
			isa = PBXGroup;
			children = (
				4363E38B256E99C200345690 /* CompanyDetailsViewController.swift */,
				4363E38E256E9A1200345690 /* CompanyDetailsViewController.xib */,
				4346E9A4256FA38800BF8B05 /* CompanyDetailsInteractor.swift */,
				4346E9A7256FA3B800BF8B05 /* CompanyDetailsPresenter.swift */,
				4346E9AA256FA3E500BF8B05 /* CompanyDetailsWorker.swift */,
				4346E9AD256FA40700BF8B05 /* CompanyDetailsModels.swift */,
				4346E9B0256FA42F00BF8B05 /* CompanyDetailsConfigurator.swift */,
			);
			path = CompanyDetails;
			sourceTree = "<group>";
		};
		436DE7C12578F27500FB02B8 /* Storage */ = {
			isa = PBXGroup;
			children = (
				43888EB325837822000A689D /* CoreData */,
			);
			path = Storage;
			sourceTree = "<group>";
		};
		436FFF6F25666A660093190C /* Service */ = {
			isa = PBXGroup;
			children = (
				4346E9B32570310300BF8B05 /* Entities */,
				436FFF7025666AA10093190C /* Client.swift */,
			);
			path = Service;
			sourceTree = "<group>";
		};
		4377A4AC257F8CC100E6DF16 /* CompanyTabBar */ = {
			isa = PBXGroup;
			children = (
				4377A4AD257F8D6A00E6DF16 /* CompanyTabBarController.swift */,
			);
			path = CompanyTabBar;
			sourceTree = "<group>";
		};
		4382CA712581347100C2F221 /* PortfolioShares */ = {
			isa = PBXGroup;
			children = (
				4360BD33258B6230009F9C75 /* PortfolioSharesTableViewCell */,
				43644BAD258A2CBE007AE170 /* PortfolioSharesViewController.swift */,
				43644BAE258A2CBE007AE170 /* PortfolioSharesViewController.xib */,
				4360BD24258B6173009F9C75 /* PortfolioSharesInteractor.swift */,
				4360BD27258B61A1009F9C75 /* PortfolioSharesPresenter.swift */,
				4360BD2D258B61ED009F9C75 /* PortfolioSharesModels.swift */,
				4360BD30258B6213009F9C75 /* PortfolioSharesConfigurator.swift */,
			);
			path = PortfolioShares;
			sourceTree = "<group>";
		};
		4382CA72258134FD00C2F221 /* PortfolioList */ = {
			isa = PBXGroup;
			children = (
				4382CA782581427300C2F221 /* PortfolioListTableViewCell */,
				4382CA7325813A4C00C2F221 /* PortfolioListViewController.swift */,
				4382CA7425813A4C00C2F221 /* PortfolioListViewController.xib */,
				4387CD262587510C0029718E /* PortfolioListInteractor.swift */,
				4387CD292587513D0029718E /* PortfolioListPresenter.swift */,
				4387CD2F2587518D0029718E /* PorfolioListRouter.swift */,
				4387CD32258751BD0029718E /* PorfolioListModels.swift */,
				4387CD36258752080029718E /* PortfolioListConfigurator.swift */,
			);
			path = PortfolioList;
			sourceTree = "<group>";
		};
		4382CA782581427300C2F221 /* PortfolioListTableViewCell */ = {
			isa = PBXGroup;
			children = (
				4382CA792581456D00C2F221 /* PortfolioListTableViewCell.swift */,
				4382CA7A2581456D00C2F221 /* PortfolioListTableViewCell.xib */,
			);
			path = PortfolioListTableViewCell;
			sourceTree = "<group>";
		};
		43888EB325837822000A689D /* CoreData */ = {
			isa = PBXGroup;
			children = (
				43888EB02583741B000A689D /* CoreDataManager.swift */,
				43888EB42583798F000A689D /* DataSourceOfPortfolio.swift */,
				4387CD39258760D60029718E /* DataSourceOfShare.swift */,
				4398E9892599D8E800416316 /* DataSourceOfSelectedCompany.swift */,
			);
			path = CoreData;
			sourceTree = "<group>";
		};
		438D67B125AB359A0030979D /* AddShares */ = {
			isa = PBXGroup;
			children = (
				438D67B325AB359A0030979D /* AddSharesViewController.swift */,
				438D67B225AB359A0030979D /* AddSharesViewController.xib */,
				4384D3CD25AC412A00812801 /* AddSharesInteractor.swift */,
				4384D3D625AC4E4E00812801 /* AddSharesPresenter.swift */,
				4384D3D325AC4D5D00812801 /* AddSharesModels.swift */,
				4384D3D925AC4E7900812801 /* AddSharesConfigurator.swift */,
			);
			path = AddShares;
			sourceTree = "<group>";
		};
		438D67C225AB39D90030979D /* Resources */ = {
			isa = PBXGroup;
			children = (
				4363E396256EA1BE00345690 /* Assets.xcassets */,
				43986F4D2573FFA900EF002D /* Localizable.strings */,
			);
			path = Resources;
			sourceTree = "<group>";
		};
		438D67C525AB3BB90030979D /* SupportingFiles */ = {
			isa = PBXGroup;
			children = (
				43BF864A256556E200394FAD /* Info.plist */,
				43BF863E256556E100394FAD /* SceneDelegate.swift */,
				43BF8647256556E200394FAD /* LaunchScreen.storyboard */,
				43BF863C256556E100394FAD /* AppDelegate.swift */,
			);
			path = SupportingFiles;
			sourceTree = "<group>";
		};
		43939057257104AA003E8675 /* Model */ = {
			isa = PBXGroup;
			children = (
				43939058257104DB003E8675 /* CompanyResult.swift */,
				4382CA6B2581126C00C2F221 /* CompanyShares.xcdatamodeld */,
				4387CD2325874F9C0029718E /* PortfolioWithPrices.swift */,
				43A07C4E25933E350055995A /* ShareWithPrices.swift */,
				43581F8125B078CA00AAAB51 /* NewShare.swift */,
			);
			path = Model;
			sourceTree = "<group>";
		};
		43A07C5125935BD20055995A /* Extension */ = {
			isa = PBXGroup;
			children = (
				43A07C5225935C370055995A /* String+Localizable.swift */,
			);
			path = Extension;
			sourceTree = "<group>";
		};
		43BF8630256556E100394FAD = {
			isa = PBXGroup;
			children = (
				43BF863B256556E100394FAD /* CompanyShares */,
				43BF863A256556E100394FAD /* Products */,
			);
			sourceTree = "<group>";
		};
		43BF863A256556E100394FAD /* Products */ = {
			isa = PBXGroup;
			children = (
				43BF8639256556E100394FAD /* CompanyShares.app */,
			);
			name = Products;
			sourceTree = "<group>";
		};
		43BF863B256556E100394FAD /* CompanyShares */ = {
			isa = PBXGroup;
			children = (
				438D67C525AB3BB90030979D /* SupportingFiles */,
				438D67B125AB359A0030979D /* AddShares */,
				435D7894257692B300A3385E /* CompanyCollection */,
				4363E38A256E992800345690 /* CompanyDetails */,
				43BF865225655B0F00394FAD /* CompanyList */,
				4377A4AC257F8CC100E6DF16 /* CompanyTabBar */,
				43939057257104AA003E8675 /* Model */,
				43A07C5125935BD20055995A /* Extension */,
				436FFF6F25666A660093190C /* Service */,
				436DE7C12578F27500FB02B8 /* Storage */,
				4382CA72258134FD00C2F221 /* PortfolioList */,
				4382CA712581347100C2F221 /* PortfolioShares */,
				438D67C225AB39D90030979D /* Resources */,
			);
			path = CompanyShares;
			sourceTree = "<group>";
		};
		43BF865225655B0F00394FAD /* CompanyList */ = {
			isa = PBXGroup;
			children = (
				43BF8659256587E500394FAD /* CompanyListTableViewCell */,
				43BF8640256556E100394FAD /* CompanyListViewController.swift */,
				43BF865425655BB200394FAD /* CompanyListViewController.xib */,
				436FFF75256700730093190C /* CompanyListInteractor.swift */,
				436FFF782567010B0093190C /* CompanyListPresenter.swift */,
				436FFF7C256701380093190C /* CompanyListWorker.swift */,
				436FFF7F2567015A0093190C /* CompanyListRouter.swift */,
				436FFF82256703940093190C /* CompanyListModels.swift */,
				436FFF85256703C30093190C /* CompanyListConfigurator.swift */,
				436EB8D1256BF45200BC1561 /* SelfSizedTableView.swift */,
			);
			path = CompanyList;
			sourceTree = "<group>";
		};
		43BF8659256587E500394FAD /* CompanyListTableViewCell */ = {
			isa = PBXGroup;
			children = (
				43BF865A2565884600394FAD /* CompanyListTableViewCell.swift */,
				43BF865B2565884600394FAD /* CompanyListTableViewCell.xib */,
			);
			path = CompanyListTableViewCell;
			sourceTree = "<group>";
		};
/* End PBXGroup section */

/* Begin PBXNativeTarget section */
		43BF8638256556E100394FAD /* CompanyShares */ = {
			isa = PBXNativeTarget;
			buildConfigurationList = 43BF864D256556E200394FAD /* Build configuration list for PBXNativeTarget "CompanyShares" */;
			buildPhases = (
				43BF8635256556E100394FAD /* Sources */,
				43BF8636256556E100394FAD /* Frameworks */,
				43BF8637256556E100394FAD /* Resources */,
			);
			buildRules = (
			);
			dependencies = (
			);
			name = CompanyShares;
			packageProductDependencies = (
			);
			productName = CompanyShares;
			productReference = 43BF8639256556E100394FAD /* CompanyShares.app */;
			productType = "com.apple.product-type.application";
		};
/* End PBXNativeTarget section */

/* Begin PBXProject section */
		43BF8631256556E100394FAD /* Project object */ = {
			isa = PBXProject;
			attributes = {
				LastSwiftUpdateCheck = 1200;
				LastUpgradeCheck = 1200;
				TargetAttributes = {
					43BF8638256556E100394FAD = {
						CreatedOnToolsVersion = 12.0.1;
					};
				};
			};
			buildConfigurationList = 43BF8634256556E100394FAD /* Build configuration list for PBXProject "CompanyShares" */;
			compatibilityVersion = "Xcode 9.3";
			developmentRegion = en;
			hasScannedForEncodings = 0;
			knownRegions = (
				en,
				Base,
				ru,
			);
			mainGroup = 43BF8630256556E100394FAD;
			packageReferences = (
			);
			productRefGroup = 43BF863A256556E100394FAD /* Products */;
			projectDirPath = "";
			projectRoot = "";
			targets = (
				43BF8638256556E100394FAD /* CompanyShares */,
			);
		};
/* End PBXProject section */

/* Begin PBXResourcesBuildPhase section */
		43BF8637256556E100394FAD /* Resources */ = {
			isa = PBXResourcesBuildPhase;
			buildActionMask = 2147483647;
			files = (
				43428ADE25698C1700498505 /* CompanyCollectionViewCell.xib in Resources */,
				43BF865525655BB200394FAD /* CompanyListViewController.xib in Resources */,
				4363E38F256E9A1200345690 /* CompanyDetailsViewController.xib in Resources */,
				43986F4B2573FFA900EF002D /* Localizable.strings in Resources */,
				4382CA7C2581456D00C2F221 /* PortfolioListTableViewCell.xib in Resources */,
				438D67B425AB359A0030979D /* AddSharesViewController.xib in Resources */,
				43BF865D2565884600394FAD /* CompanyListTableViewCell.xib in Resources */,
				4363E397256EA1BE00345690 /* Assets.xcassets in Resources */,
				43644BB0258A2CBE007AE170 /* PortfolioSharesViewController.xib in Resources */,
				4382CA7625813A4C00C2F221 /* PortfolioListViewController.xib in Resources */,
				435D7898257692F100A3385E /* CompanyCollectionViewController.xib in Resources */,
				4360BD37258B629A009F9C75 /* PortfolioSharesTableViewCell.xib in Resources */,
				43BF8649256556E200394FAD /* LaunchScreen.storyboard in Resources */,
			);
			runOnlyForDeploymentPostprocessing = 0;
		};
/* End PBXResourcesBuildPhase section */

/* Begin PBXSourcesBuildPhase section */
		43BF8635256556E100394FAD /* Sources */ = {
			isa = PBXSourcesBuildPhase;
			buildActionMask = 2147483647;
			files = (
				436FFF792567010B0093190C /* CompanyListPresenter.swift in Sources */,
				4384D3D425AC4D5D00812801 /* AddSharesModels.swift in Sources */,
				4384D3DA25AC4E7900812801 /* AddSharesConfigurator.swift in Sources */,
				4387CD37258752080029718E /* PortfolioListConfigurator.swift in Sources */,
				43BF8641256556E100394FAD /* CompanyListViewController.swift in Sources */,
				435D7897257692F100A3385E /* CompanyCollectionViewController.swift in Sources */,
				436FFF802567015A0093190C /* CompanyListRouter.swift in Sources */,
				4360BD36258B629A009F9C75 /* PortfolioSharesTableViewCell.swift in Sources */,
				436DE7CA25795C4000FB02B8 /* CompanyCollectionPresenter.swift in Sources */,
				4387CD272587510C0029718E /* PortfolioListInteractor.swift in Sources */,
				43BF863D256556E100394FAD /* AppDelegate.swift in Sources */,
				4346E9B8257033A700BF8B05 /* Details.swift in Sources */,
				4387CD2425874F9C0029718E /* PortfolioWithPrices.swift in Sources */,
				4363E388256E5EF200345690 /* CompaniesResponse.swift in Sources */,
				436DE7D025795C9F00FB02B8 /* CompanyCollectionConfigurator.swift in Sources */,
				4360BD25258B6173009F9C75 /* PortfolioSharesInteractor.swift in Sources */,
				4377A4AE257F8D6A00E6DF16 /* CompanyTabBarController.swift in Sources */,
				436FFF7D256701380093190C /* CompanyListWorker.swift in Sources */,
				43644BAF258A2CBE007AE170 /* PortfolioSharesViewController.swift in Sources */,
				4387CD33258751BD0029718E /* PorfolioListModels.swift in Sources */,
				43A07C4F25933E350055995A /* ShareWithPrices.swift in Sources */,
				4346E9AE256FA40700BF8B05 /* CompanyDetailsModels.swift in Sources */,
				4387CD2A2587513D0029718E /* PortfolioListPresenter.swift in Sources */,
				436FFF83256703940093190C /* CompanyListModels.swift in Sources */,
				43A07C5325935C370055995A /* String+Localizable.swift in Sources */,
				4346E9BB257036B200BF8B05 /* DetailsResponse.swift in Sources */,
				4346E9B1256FA42F00BF8B05 /* CompanyDetailsConfigurator.swift in Sources */,
				4382CA6D2581126C00C2F221 /* CompanyShares.xcdatamodeld in Sources */,
				4384D3CE25AC412A00812801 /* AddSharesInteractor.swift in Sources */,
				4346E9AB256FA3E500BF8B05 /* CompanyDetailsWorker.swift in Sources */,
				436FFF7125666AA10093190C /* Client.swift in Sources */,
				436FFF76256700730093190C /* CompanyListInteractor.swift in Sources */,
				436DE7CD25795C7700FB02B8 /* CompanyCollectionModels.swift in Sources */,
				43BF863F256556E100394FAD /* SceneDelegate.swift in Sources */,
				43BF86622565A63600394FAD /* Company.swift in Sources */,
				43428ADD25698C1700498505 /* CompanyCollectionViewCell.swift in Sources */,
				436EB8D2256BF45200BC1561 /* SelfSizedTableView.swift in Sources */,
				438D67B525AB359A0030979D /* AddSharesViewController.swift in Sources */,
				4360BD2E258B61ED009F9C75 /* PortfolioSharesModels.swift in Sources */,
				4363E38C256E99C200345690 /* CompanyDetailsViewController.swift in Sources */,
				436FFF86256703C30093190C /* CompanyListConfigurator.swift in Sources */,
				4360BD28258B61A1009F9C75 /* PortfolioSharesPresenter.swift in Sources */,
				43939059257104DB003E8675 /* CompanyResult.swift in Sources */,
				43581F8225B078CA00AAAB51 /* NewShare.swift in Sources */,
				4387CD3A258760D60029718E /* DataSourceOfShare.swift in Sources */,
				4346E9A5256FA38800BF8B05 /* CompanyDetailsInteractor.swift in Sources */,
				4382CA7B2581456D00C2F221 /* PortfolioListTableViewCell.swift in Sources */,
				4384D3D725AC4E4E00812801 /* AddSharesPresenter.swift in Sources */,
				43BF865C2565884600394FAD /* CompanyListTableViewCell.swift in Sources */,
				4382CA7525813A4C00C2F221 /* PortfolioListViewController.swift in Sources */,
				4346E9A8256FA3B800BF8B05 /* CompanyDetailsPresenter.swift in Sources */,
				43888EB52583798F000A689D /* DataSourceOfPortfolio.swift in Sources */,
				43888EB12583741B000A689D /* CoreDataManager.swift in Sources */,
				4387CD302587518D0029718E /* PorfolioListRouter.swift in Sources */,
				436DE7C725795C1400FB02B8 /* CompanyCollectionInteractor.swift in Sources */,
				4360BD31258B6213009F9C75 /* PortfolioSharesConfigurator.swift in Sources */,
				4398E98A2599D8E800416316 /* DataSourceOfSelectedCompany.swift in Sources */,
			);
			runOnlyForDeploymentPostprocessing = 0;
		};
/* End PBXSourcesBuildPhase section */

/* Begin PBXVariantGroup section */
		43986F4D2573FFA900EF002D /* Localizable.strings */ = {
			isa = PBXVariantGroup;
			children = (
				43986F4C2573FFA900EF002D /* en */,
				43986F4F2573FFC200EF002D /* ru */,
			);
			name = Localizable.strings;
			sourceTree = "<group>";
		};
		43BF8647256556E200394FAD /* LaunchScreen.storyboard */ = {
			isa = PBXVariantGroup;
			children = (
				43BF8648256556E200394FAD /* Base */,
				43986F492573FF9000EF002D /* ru */,
			);
			name = LaunchScreen.storyboard;
			sourceTree = "<group>";
		};
/* End PBXVariantGroup section */

/* Begin XCBuildConfiguration section */
		43BF864B256556E200394FAD /* Debug */ = {
			isa = XCBuildConfiguration;
			buildSettings = {
				ALWAYS_SEARCH_USER_PATHS = NO;
				CLANG_ANALYZER_LOCALIZABILITY_NONLOCALIZED = YES;
				CLANG_ANALYZER_NONNULL = YES;
				CLANG_ANALYZER_NUMBER_OBJECT_CONVERSION = YES_AGGRESSIVE;
				CLANG_CXX_LANGUAGE_STANDARD = "gnu++14";
				CLANG_CXX_LIBRARY = "libc++";
				CLANG_ENABLE_MODULES = YES;
				CLANG_ENABLE_OBJC_ARC = YES;
				CLANG_ENABLE_OBJC_WEAK = YES;
				CLANG_WARN_BLOCK_CAPTURE_AUTORELEASING = YES;
				CLANG_WARN_BOOL_CONVERSION = YES;
				CLANG_WARN_COMMA = YES;
				CLANG_WARN_CONSTANT_CONVERSION = YES;
				CLANG_WARN_DEPRECATED_OBJC_IMPLEMENTATIONS = YES;
				CLANG_WARN_DIRECT_OBJC_ISA_USAGE = YES_ERROR;
				CLANG_WARN_DOCUMENTATION_COMMENTS = YES;
				CLANG_WARN_EMPTY_BODY = YES;
				CLANG_WARN_ENUM_CONVERSION = YES;
				CLANG_WARN_INFINITE_RECURSION = YES;
				CLANG_WARN_INT_CONVERSION = YES;
				CLANG_WARN_NON_LITERAL_NULL_CONVERSION = YES;
				CLANG_WARN_OBJC_IMPLICIT_RETAIN_SELF = YES;
				CLANG_WARN_OBJC_LITERAL_CONVERSION = YES;
				CLANG_WARN_OBJC_ROOT_CLASS = YES_ERROR;
				CLANG_WARN_QUOTED_INCLUDE_IN_FRAMEWORK_HEADER = YES;
				CLANG_WARN_RANGE_LOOP_ANALYSIS = YES;
				CLANG_WARN_STRICT_PROTOTYPES = YES;
				CLANG_WARN_SUSPICIOUS_MOVE = YES;
				CLANG_WARN_UNGUARDED_AVAILABILITY = YES_AGGRESSIVE;
				CLANG_WARN_UNREACHABLE_CODE = YES;
				CLANG_WARN__DUPLICATE_METHOD_MATCH = YES;
				COPY_PHASE_STRIP = NO;
				DEBUG_INFORMATION_FORMAT = dwarf;
				ENABLE_STRICT_OBJC_MSGSEND = YES;
				ENABLE_TESTABILITY = YES;
				GCC_C_LANGUAGE_STANDARD = gnu11;
				GCC_DYNAMIC_NO_PIC = NO;
				GCC_NO_COMMON_BLOCKS = YES;
				GCC_OPTIMIZATION_LEVEL = 0;
				GCC_PREPROCESSOR_DEFINITIONS = (
					"DEBUG=1",
					"$(inherited)",
				);
				GCC_WARN_64_TO_32_BIT_CONVERSION = YES;
				GCC_WARN_ABOUT_RETURN_TYPE = YES_ERROR;
				GCC_WARN_UNDECLARED_SELECTOR = YES;
				GCC_WARN_UNINITIALIZED_AUTOS = YES_AGGRESSIVE;
				GCC_WARN_UNUSED_FUNCTION = YES;
				GCC_WARN_UNUSED_VARIABLE = YES;
				IPHONEOS_DEPLOYMENT_TARGET = 14.0;
				MTL_ENABLE_DEBUG_INFO = INCLUDE_SOURCE;
				MTL_FAST_MATH = YES;
				ONLY_ACTIVE_ARCH = YES;
				SDKROOT = iphoneos;
				SWIFT_ACTIVE_COMPILATION_CONDITIONS = DEBUG;
				SWIFT_OPTIMIZATION_LEVEL = "-Onone";
			};
			name = Debug;
		};
		43BF864C256556E200394FAD /* Release */ = {
			isa = XCBuildConfiguration;
			buildSettings = {
				ALWAYS_SEARCH_USER_PATHS = NO;
				CLANG_ANALYZER_LOCALIZABILITY_NONLOCALIZED = YES;
				CLANG_ANALYZER_NONNULL = YES;
				CLANG_ANALYZER_NUMBER_OBJECT_CONVERSION = YES_AGGRESSIVE;
				CLANG_CXX_LANGUAGE_STANDARD = "gnu++14";
				CLANG_CXX_LIBRARY = "libc++";
				CLANG_ENABLE_MODULES = YES;
				CLANG_ENABLE_OBJC_ARC = YES;
				CLANG_ENABLE_OBJC_WEAK = YES;
				CLANG_WARN_BLOCK_CAPTURE_AUTORELEASING = YES;
				CLANG_WARN_BOOL_CONVERSION = YES;
				CLANG_WARN_COMMA = YES;
				CLANG_WARN_CONSTANT_CONVERSION = YES;
				CLANG_WARN_DEPRECATED_OBJC_IMPLEMENTATIONS = YES;
				CLANG_WARN_DIRECT_OBJC_ISA_USAGE = YES_ERROR;
				CLANG_WARN_DOCUMENTATION_COMMENTS = YES;
				CLANG_WARN_EMPTY_BODY = YES;
				CLANG_WARN_ENUM_CONVERSION = YES;
				CLANG_WARN_INFINITE_RECURSION = YES;
				CLANG_WARN_INT_CONVERSION = YES;
				CLANG_WARN_NON_LITERAL_NULL_CONVERSION = YES;
				CLANG_WARN_OBJC_IMPLICIT_RETAIN_SELF = YES;
				CLANG_WARN_OBJC_LITERAL_CONVERSION = YES;
				CLANG_WARN_OBJC_ROOT_CLASS = YES_ERROR;
				CLANG_WARN_QUOTED_INCLUDE_IN_FRAMEWORK_HEADER = YES;
				CLANG_WARN_RANGE_LOOP_ANALYSIS = YES;
				CLANG_WARN_STRICT_PROTOTYPES = YES;
				CLANG_WARN_SUSPICIOUS_MOVE = YES;
				CLANG_WARN_UNGUARDED_AVAILABILITY = YES_AGGRESSIVE;
				CLANG_WARN_UNREACHABLE_CODE = YES;
				CLANG_WARN__DUPLICATE_METHOD_MATCH = YES;
				COPY_PHASE_STRIP = NO;
				DEBUG_INFORMATION_FORMAT = "dwarf-with-dsym";
				ENABLE_NS_ASSERTIONS = NO;
				ENABLE_STRICT_OBJC_MSGSEND = YES;
				GCC_C_LANGUAGE_STANDARD = gnu11;
				GCC_NO_COMMON_BLOCKS = YES;
				GCC_WARN_64_TO_32_BIT_CONVERSION = YES;
				GCC_WARN_ABOUT_RETURN_TYPE = YES_ERROR;
				GCC_WARN_UNDECLARED_SELECTOR = YES;
				GCC_WARN_UNINITIALIZED_AUTOS = YES_AGGRESSIVE;
				GCC_WARN_UNUSED_FUNCTION = YES;
				GCC_WARN_UNUSED_VARIABLE = YES;
				IPHONEOS_DEPLOYMENT_TARGET = 14.0;
				MTL_ENABLE_DEBUG_INFO = NO;
				MTL_FAST_MATH = YES;
				SDKROOT = iphoneos;
				SWIFT_COMPILATION_MODE = wholemodule;
				SWIFT_OPTIMIZATION_LEVEL = "-O";
				VALIDATE_PRODUCT = YES;
			};
			name = Release;
		};
		43BF864E256556E200394FAD /* Debug */ = {
			isa = XCBuildConfiguration;
			buildSettings = {
				ASSETCATALOG_COMPILER_APPICON_NAME = AppIcon;
				ASSETCATALOG_COMPILER_GLOBAL_ACCENT_COLOR_NAME = AccentColor;
				CODE_SIGN_STYLE = Automatic;
				DEVELOPMENT_TEAM = 7R57YX4YHA;
				INFOPLIST_FILE = CompanyShares/SupportingFiles/Info.plist;
				IPHONEOS_DEPLOYMENT_TARGET = 13.0;
				LD_RUNPATH_SEARCH_PATHS = (
					"$(inherited)",
					"@executable_path/Frameworks",
				);
				PRODUCT_BUNDLE_IDENTIFIER = senla.CompanyShares;
				PRODUCT_NAME = "$(TARGET_NAME)";
				SWIFT_VERSION = 5.0;
				TARGETED_DEVICE_FAMILY = "1,2";
			};
			name = Debug;
		};
		43BF864F256556E200394FAD /* Release */ = {
			isa = XCBuildConfiguration;
			buildSettings = {
				ASSETCATALOG_COMPILER_APPICON_NAME = AppIcon;
				ASSETCATALOG_COMPILER_GLOBAL_ACCENT_COLOR_NAME = AccentColor;
				CODE_SIGN_STYLE = Automatic;
				DEVELOPMENT_TEAM = 7R57YX4YHA;
				INFOPLIST_FILE = CompanyShares/SupportingFiles/Info.plist;
				IPHONEOS_DEPLOYMENT_TARGET = 13.0;
				LD_RUNPATH_SEARCH_PATHS = (
					"$(inherited)",
					"@executable_path/Frameworks",
				);
				PRODUCT_BUNDLE_IDENTIFIER = senla.CompanyShares;
				PRODUCT_NAME = "$(TARGET_NAME)";
				SWIFT_VERSION = 5.0;
				TARGETED_DEVICE_FAMILY = "1,2";
			};
			name = Release;
		};
/* End XCBuildConfiguration section */

/* Begin XCConfigurationList section */
		43BF8634256556E100394FAD /* Build configuration list for PBXProject "CompanyShares" */ = {
			isa = XCConfigurationList;
			buildConfigurations = (
				43BF864B256556E200394FAD /* Debug */,
				43BF864C256556E200394FAD /* Release */,
			);
			defaultConfigurationIsVisible = 0;
			defaultConfigurationName = Release;
		};
		43BF864D256556E200394FAD /* Build configuration list for PBXNativeTarget "CompanyShares" */ = {
			isa = XCConfigurationList;
			buildConfigurations = (
				43BF864E256556E200394FAD /* Debug */,
				43BF864F256556E200394FAD /* Release */,
			);
			defaultConfigurationIsVisible = 0;
			defaultConfigurationName = Release;
		};
/* End XCConfigurationList section */

/* Begin XCVersionGroup section */
		4382CA6B2581126C00C2F221 /* CompanyShares.xcdatamodeld */ = {
			isa = XCVersionGroup;
			children = (
				4382CA6C2581126C00C2F221 /* CompanyShares.xcdatamodel */,
			);
			currentVersion = 4382CA6C2581126C00C2F221 /* CompanyShares.xcdatamodel */;
			path = CompanyShares.xcdatamodeld;
			sourceTree = "<group>";
			versionGroupType = wrapper.xcdatamodel;
		};
/* End XCVersionGroup section */
	};
	rootObject = 43BF8631256556E100394FAD /* Project object */;
}
