// !$*UTF8*$!
{
	archiveVersion = 1;
	classes = {
	};
	objectVersion = 52;
	objects = {

/* Begin PBXBuildFile section */
		43428ADD25698C1700498505 /* CompanyCollectionViewCell.swift in Sources */ = {isa = PBXBuildFile; fileRef = 43428ADB25698C1700498505 /* CompanyCollectionViewCell.swift */; };
		43428ADE25698C1700498505 /* CompanyCollectionViewCell.xib in Resources */ = {isa = PBXBuildFile; fileRef = 43428ADC25698C1700498505 /* CompanyCollectionViewCell.xib */; };
		4346E9A5256FA38800BF8B05 /* CompanyDetailsInteractor.swift in Sources */ = {isa = PBXBuildFile; fileRef = 4346E9A4256FA38800BF8B05 /* CompanyDetailsInteractor.swift */; };
		4346E9A8256FA3B800BF8B05 /* CompanyDetailsPresenter.swift in Sources */ = {isa = PBXBuildFile; fileRef = 4346E9A7256FA3B800BF8B05 /* CompanyDetailsPresenter.swift */; };
		4346E9AB256FA3E500BF8B05 /* CompanyDetailsWorker.swift in Sources */ = {isa = PBXBuildFile; fileRef = 4346E9AA256FA3E500BF8B05 /* CompanyDetailsWorker.swift */; };
		4346E9AE256FA40700BF8B05 /* CompanyDetailsModels.swift in Sources */ = {isa = PBXBuildFile; fileRef = 4346E9AD256FA40700BF8B05 /* CompanyDetailsModels.swift */; };
		4346E9B1256FA42F00BF8B05 /* CompanyDetailsConfigurator.swift in Sources */ = {isa = PBXBuildFile; fileRef = 4346E9B0256FA42F00BF8B05 /* CompanyDetailsConfigurator.swift */; };
		4346E9B8257033A700BF8B05 /* Details.swift in Sources */ = {isa = PBXBuildFile; fileRef = 4346E9B7257033A700BF8B05 /* Details.swift */; };
		4346E9BB257036B200BF8B05 /* DetailsResponse.swift in Sources */ = {isa = PBXBuildFile; fileRef = 4346E9BA257036B200BF8B05 /* DetailsResponse.swift */; };
		435D7897257692F100A3385E /* CompanyCollectionViewController.swift in Sources */ = {isa = PBXBuildFile; fileRef = 435D7895257692F100A3385E /* CompanyCollectionViewController.swift */; };
		435D7898257692F100A3385E /* CompanyCollectionViewController.xib in Resources */ = {isa = PBXBuildFile; fileRef = 435D7896257692F100A3385E /* CompanyCollectionViewController.xib */; };
		4363E388256E5EF200345690 /* CompaniesResponse.swift in Sources */ = {isa = PBXBuildFile; fileRef = 4363E387256E5EF200345690 /* CompaniesResponse.swift */; };
		4363E38C256E99C200345690 /* CompanyDetailsViewController.swift in Sources */ = {isa = PBXBuildFile; fileRef = 4363E38B256E99C200345690 /* CompanyDetailsViewController.swift */; };
		4363E38F256E9A1200345690 /* CompanyDetailsViewController.xib in Resources */ = {isa = PBXBuildFile; fileRef = 4363E38E256E9A1200345690 /* CompanyDetailsViewController.xib */; };
		4363E397256EA1BE00345690 /* Assets.xcassets in Resources */ = {isa = PBXBuildFile; fileRef = 4363E396256EA1BE00345690 /* Assets.xcassets */; };
		436DE7C32578F2E500FB02B8 /* StorageManager.swift in Sources */ = {isa = PBXBuildFile; fileRef = 436DE7C22578F2E500FB02B8 /* StorageManager.swift */; };
		436DE7C725795C1400FB02B8 /* CompanyCollectionInteractor.swift in Sources */ = {isa = PBXBuildFile; fileRef = 436DE7C625795C1400FB02B8 /* CompanyCollectionInteractor.swift */; };
		436DE7CA25795C4000FB02B8 /* CompanyCollectionPresenter.swift in Sources */ = {isa = PBXBuildFile; fileRef = 436DE7C925795C4000FB02B8 /* CompanyCollectionPresenter.swift */; };
		436DE7CD25795C7700FB02B8 /* CompanyCollectionModels.swift in Sources */ = {isa = PBXBuildFile; fileRef = 436DE7CC25795C7700FB02B8 /* CompanyCollectionModels.swift */; };
		436DE7D025795C9F00FB02B8 /* CompanyCollectionConfigurator.swift in Sources */ = {isa = PBXBuildFile; fileRef = 436DE7CF25795C9F00FB02B8 /* CompanyCollectionConfigurator.swift */; };
		436EB8D2256BF45200BC1561 /* SelfSizedTableView.swift in Sources */ = {isa = PBXBuildFile; fileRef = 436EB8D1256BF45200BC1561 /* SelfSizedTableView.swift */; };
		436FFF7125666AA10093190C /* Client.swift in Sources */ = {isa = PBXBuildFile; fileRef = 436FFF7025666AA10093190C /* Client.swift */; };
		436FFF76256700730093190C /* CompanyListInteractor.swift in Sources */ = {isa = PBXBuildFile; fileRef = 436FFF75256700730093190C /* CompanyListInteractor.swift */; };
		436FFF792567010B0093190C /* CompanyListPresenter.swift in Sources */ = {isa = PBXBuildFile; fileRef = 436FFF782567010B0093190C /* CompanyListPresenter.swift */; };
		436FFF7D256701380093190C /* CompanyListWorker.swift in Sources */ = {isa = PBXBuildFile; fileRef = 436FFF7C256701380093190C /* CompanyListWorker.swift */; };
		436FFF802567015A0093190C /* CompanyListRouter.swift in Sources */ = {isa = PBXBuildFile; fileRef = 436FFF7F2567015A0093190C /* CompanyListRouter.swift */; };
		436FFF83256703940093190C /* CompanyListModels.swift in Sources */ = {isa = PBXBuildFile; fileRef = 436FFF82256703940093190C /* CompanyListModels.swift */; };
		436FFF86256703C30093190C /* CompanyListConfigurator.swift in Sources */ = {isa = PBXBuildFile; fileRef = 436FFF85256703C30093190C /* CompanyListConfigurator.swift */; };
		43939059257104DB003E8675 /* CompanyResult.swift in Sources */ = {isa = PBXBuildFile; fileRef = 43939058257104DB003E8675 /* CompanyResult.swift */; };
		43986F4B2573FFA900EF002D /* Localizable.strings in Resources */ = {isa = PBXBuildFile; fileRef = 43986F4D2573FFA900EF002D /* Localizable.strings */; };
		43B53381257E258300FE2B18 /* Realm in Frameworks */ = {isa = PBXBuildFile; productRef = 43B53380257E258300FE2B18 /* Realm */; };
		43B53383257E258300FE2B18 /* RealmSwift in Frameworks */ = {isa = PBXBuildFile; productRef = 43B53382257E258300FE2B18 /* RealmSwift */; };
		43BF863D256556E100394FAD /* AppDelegate.swift in Sources */ = {isa = PBXBuildFile; fileRef = 43BF863C256556E100394FAD /* AppDelegate.swift */; };
		43BF863F256556E100394FAD /* SceneDelegate.swift in Sources */ = {isa = PBXBuildFile; fileRef = 43BF863E256556E100394FAD /* SceneDelegate.swift */; };
		43BF8641256556E100394FAD /* CompanyListViewController.swift in Sources */ = {isa = PBXBuildFile; fileRef = 43BF8640256556E100394FAD /* CompanyListViewController.swift */; };
		43BF8649256556E200394FAD /* LaunchScreen.storyboard in Resources */ = {isa = PBXBuildFile; fileRef = 43BF8647256556E200394FAD /* LaunchScreen.storyboard */; };
		43BF865525655BB200394FAD /* CompanyListViewController.xib in Resources */ = {isa = PBXBuildFile; fileRef = 43BF865425655BB200394FAD /* CompanyListViewController.xib */; };
		43BF865C2565884600394FAD /* CompanyListTableViewCell.swift in Sources */ = {isa = PBXBuildFile; fileRef = 43BF865A2565884600394FAD /* CompanyListTableViewCell.swift */; };
		43BF865D2565884600394FAD /* CompanyListTableViewCell.xib in Resources */ = {isa = PBXBuildFile; fileRef = 43BF865B2565884600394FAD /* CompanyListTableViewCell.xib */; };
		43BF86622565A63600394FAD /* Company.swift in Sources */ = {isa = PBXBuildFile; fileRef = 43BF86612565A63600394FAD /* Company.swift */; };
/* End PBXBuildFile section */

/* Begin PBXFileReference section */
		43428ADB25698C1700498505 /* CompanyCollectionViewCell.swift */ = {isa = PBXFileReference; lastKnownFileType = sourcecode.swift; path = CompanyCollectionViewCell.swift; sourceTree = "<group>"; };
		43428ADC25698C1700498505 /* CompanyCollectionViewCell.xib */ = {isa = PBXFileReference; lastKnownFileType = file.xib; path = CompanyCollectionViewCell.xib; sourceTree = "<group>"; };
		4346E9A4256FA38800BF8B05 /* CompanyDetailsInteractor.swift */ = {isa = PBXFileReference; lastKnownFileType = sourcecode.swift; path = CompanyDetailsInteractor.swift; sourceTree = "<group>"; };
		4346E9A7256FA3B800BF8B05 /* CompanyDetailsPresenter.swift */ = {isa = PBXFileReference; lastKnownFileType = sourcecode.swift; path = CompanyDetailsPresenter.swift; sourceTree = "<group>"; };
		4346E9AA256FA3E500BF8B05 /* CompanyDetailsWorker.swift */ = {isa = PBXFileReference; lastKnownFileType = sourcecode.swift; path = CompanyDetailsWorker.swift; sourceTree = "<group>"; };
		4346E9AD256FA40700BF8B05 /* CompanyDetailsModels.swift */ = {isa = PBXFileReference; lastKnownFileType = sourcecode.swift; path = CompanyDetailsModels.swift; sourceTree = "<group>"; };
		4346E9B0256FA42F00BF8B05 /* CompanyDetailsConfigurator.swift */ = {isa = PBXFileReference; lastKnownFileType = sourcecode.swift; path = CompanyDetailsConfigurator.swift; sourceTree = "<group>"; };
		4346E9B7257033A700BF8B05 /* Details.swift */ = {isa = PBXFileReference; lastKnownFileType = sourcecode.swift; path = Details.swift; sourceTree = "<group>"; };
		4346E9BA257036B200BF8B05 /* DetailsResponse.swift */ = {isa = PBXFileReference; lastKnownFileType = sourcecode.swift; path = DetailsResponse.swift; sourceTree = "<group>"; };
		435D7895257692F100A3385E /* CompanyCollectionViewController.swift */ = {isa = PBXFileReference; lastKnownFileType = sourcecode.swift; path = CompanyCollectionViewController.swift; sourceTree = "<group>"; };
		435D7896257692F100A3385E /* CompanyCollectionViewController.xib */ = {isa = PBXFileReference; lastKnownFileType = file.xib; path = CompanyCollectionViewController.xib; sourceTree = "<group>"; };
		4363E387256E5EF200345690 /* CompaniesResponse.swift */ = {isa = PBXFileReference; lastKnownFileType = sourcecode.swift; path = CompaniesResponse.swift; sourceTree = "<group>"; };
		4363E38B256E99C200345690 /* CompanyDetailsViewController.swift */ = {isa = PBXFileReference; lastKnownFileType = sourcecode.swift; path = CompanyDetailsViewController.swift; sourceTree = "<group>"; };
		4363E38E256E9A1200345690 /* CompanyDetailsViewController.xib */ = {isa = PBXFileReference; lastKnownFileType = file.xib; path = CompanyDetailsViewController.xib; sourceTree = "<group>"; };
		4363E396256EA1BE00345690 /* Assets.xcassets */ = {isa = PBXFileReference; lastKnownFileType = folder.assetcatalog; path = Assets.xcassets; sourceTree = "<group>"; };
		436DE7C22578F2E500FB02B8 /* StorageManager.swift */ = {isa = PBXFileReference; lastKnownFileType = sourcecode.swift; path = StorageManager.swift; sourceTree = "<group>"; };
		436DE7C625795C1400FB02B8 /* CompanyCollectionInteractor.swift */ = {isa = PBXFileReference; lastKnownFileType = sourcecode.swift; path = CompanyCollectionInteractor.swift; sourceTree = "<group>"; };
		436DE7C925795C4000FB02B8 /* CompanyCollectionPresenter.swift */ = {isa = PBXFileReference; lastKnownFileType = sourcecode.swift; path = CompanyCollectionPresenter.swift; sourceTree = "<group>"; };
		436DE7CC25795C7700FB02B8 /* CompanyCollectionModels.swift */ = {isa = PBXFileReference; lastKnownFileType = sourcecode.swift; path = CompanyCollectionModels.swift; sourceTree = "<group>"; };
		436DE7CF25795C9F00FB02B8 /* CompanyCollectionConfigurator.swift */ = {isa = PBXFileReference; lastKnownFileType = sourcecode.swift; path = CompanyCollectionConfigurator.swift; sourceTree = "<group>"; };
		436EB8D1256BF45200BC1561 /* SelfSizedTableView.swift */ = {isa = PBXFileReference; lastKnownFileType = sourcecode.swift; path = SelfSizedTableView.swift; sourceTree = "<group>"; };
		436FFF7025666AA10093190C /* Client.swift */ = {isa = PBXFileReference; lastKnownFileType = sourcecode.swift; path = Client.swift; sourceTree = "<group>"; };
		436FFF75256700730093190C /* CompanyListInteractor.swift */ = {isa = PBXFileReference; lastKnownFileType = sourcecode.swift; path = CompanyListInteractor.swift; sourceTree = "<group>"; };
		436FFF782567010B0093190C /* CompanyListPresenter.swift */ = {isa = PBXFileReference; lastKnownFileType = sourcecode.swift; path = CompanyListPresenter.swift; sourceTree = "<group>"; };
		436FFF7C256701380093190C /* CompanyListWorker.swift */ = {isa = PBXFileReference; lastKnownFileType = sourcecode.swift; path = CompanyListWorker.swift; sourceTree = "<group>"; };
		436FFF7F2567015A0093190C /* CompanyListRouter.swift */ = {isa = PBXFileReference; lastKnownFileType = sourcecode.swift; path = CompanyListRouter.swift; sourceTree = "<group>"; };
		436FFF82256703940093190C /* CompanyListModels.swift */ = {isa = PBXFileReference; lastKnownFileType = sourcecode.swift; path = CompanyListModels.swift; sourceTree = "<group>"; };
		436FFF85256703C30093190C /* CompanyListConfigurator.swift */ = {isa = PBXFileReference; lastKnownFileType = sourcecode.swift; path = CompanyListConfigurator.swift; sourceTree = "<group>"; };
		43939058257104DB003E8675 /* CompanyResult.swift */ = {isa = PBXFileReference; lastKnownFileType = sourcecode.swift; path = CompanyResult.swift; sourceTree = "<group>"; };
		43986F492573FF9000EF002D /* ru */ = {isa = PBXFileReference; lastKnownFileType = text.plist.strings; name = ru; path = ru.lproj/LaunchScreen.strings; sourceTree = "<group>"; };
		43986F4C2573FFA900EF002D /* en */ = {isa = PBXFileReference; lastKnownFileType = text.plist.strings; name = en; path = en.lproj/Localizable.strings; sourceTree = "<group>"; };
		43986F4F2573FFC200EF002D /* ru */ = {isa = PBXFileReference; lastKnownFileType = text.plist.strings; name = ru; path = ru.lproj/Localizable.strings; sourceTree = "<group>"; };
		43BF8639256556E100394FAD /* CompanyShares.app */ = {isa = PBXFileReference; explicitFileType = wrapper.application; includeInIndex = 0; path = CompanyShares.app; sourceTree = BUILT_PRODUCTS_DIR; };
		43BF863C256556E100394FAD /* AppDelegate.swift */ = {isa = PBXFileReference; lastKnownFileType = sourcecode.swift; path = AppDelegate.swift; sourceTree = "<group>"; };
		43BF863E256556E100394FAD /* SceneDelegate.swift */ = {isa = PBXFileReference; lastKnownFileType = sourcecode.swift; path = SceneDelegate.swift; sourceTree = "<group>"; };
		43BF8640256556E100394FAD /* CompanyListViewController.swift */ = {isa = PBXFileReference; lastKnownFileType = sourcecode.swift; path = CompanyListViewController.swift; sourceTree = "<group>"; };
		43BF8648256556E200394FAD /* Base */ = {isa = PBXFileReference; lastKnownFileType = file.storyboard; name = Base; path = Base.lproj/LaunchScreen.storyboard; sourceTree = "<group>"; };
		43BF864A256556E200394FAD /* Info.plist */ = {isa = PBXFileReference; lastKnownFileType = text.plist.xml; path = Info.plist; sourceTree = "<group>"; };
		43BF865425655BB200394FAD /* CompanyListViewController.xib */ = {isa = PBXFileReference; lastKnownFileType = file.xib; path = CompanyListViewController.xib; sourceTree = "<group>"; };
		43BF865A2565884600394FAD /* CompanyListTableViewCell.swift */ = {isa = PBXFileReference; lastKnownFileType = sourcecode.swift; path = CompanyListTableViewCell.swift; sourceTree = "<group>"; };
		43BF865B2565884600394FAD /* CompanyListTableViewCell.xib */ = {isa = PBXFileReference; lastKnownFileType = file.xib; path = CompanyListTableViewCell.xib; sourceTree = "<group>"; };
		43BF86612565A63600394FAD /* Company.swift */ = {isa = PBXFileReference; lastKnownFileType = sourcecode.swift; path = Company.swift; sourceTree = "<group>"; };
/* End PBXFileReference section */

/* Begin PBXFrameworksBuildPhase section */
		43BF8636256556E100394FAD /* Frameworks */ = {
			isa = PBXFrameworksBuildPhase;
			buildActionMask = 2147483647;
			files = (
				43B53383257E258300FE2B18 /* RealmSwift in Frameworks */,
				43B53381257E258300FE2B18 /* Realm in Frameworks */,
			);
			runOnlyForDeploymentPostprocessing = 0;
		};
/* End PBXFrameworksBuildPhase section */

/* Begin PBXGroup section */
		43428ADA25698BA600498505 /* CompanyCollectionViewCell */ = {
			isa = PBXGroup;
			children = (
				43428ADB25698C1700498505 /* CompanyCollectionViewCell.swift */,
				43428ADC25698C1700498505 /* CompanyCollectionViewCell.xib */,
			);
			path = CompanyCollectionViewCell;
			sourceTree = "<group>";
		};
		4346E9B32570310300BF8B05 /* Entities */ = {
			isa = PBXGroup;
			children = (
				4363E387256E5EF200345690 /* CompaniesResponse.swift */,
				4346E9BA257036B200BF8B05 /* DetailsResponse.swift */,
				43BF86612565A63600394FAD /* Company.swift */,
				4346E9B7257033A700BF8B05 /* Details.swift */,
			);
			path = Entities;
			sourceTree = "<group>";
		};
		435D7894257692B300A3385E /* CompanyCollection */ = {
			isa = PBXGroup;
			children = (
				43428ADA25698BA600498505 /* CompanyCollectionViewCell */,
				435D7895257692F100A3385E /* CompanyCollectionViewController.swift */,
				435D7896257692F100A3385E /* CompanyCollectionViewController.xib */,
				436DE7C625795C1400FB02B8 /* CompanyCollectionInteractor.swift */,
				436DE7C925795C4000FB02B8 /* CompanyCollectionPresenter.swift */,
				436DE7CC25795C7700FB02B8 /* CompanyCollectionModels.swift */,
				436DE7CF25795C9F00FB02B8 /* CompanyCollectionConfigurator.swift */,
			);
			path = CompanyCollection;
			sourceTree = "<group>";
		};
		4363E38A256E992800345690 /* CompanyDetails */ = {
			isa = PBXGroup;
			children = (
				4363E38B256E99C200345690 /* CompanyDetailsViewController.swift */,
				4363E38E256E9A1200345690 /* CompanyDetailsViewController.xib */,
				4346E9A4256FA38800BF8B05 /* CompanyDetailsInteractor.swift */,
				4346E9A7256FA3B800BF8B05 /* CompanyDetailsPresenter.swift */,
				4346E9AA256FA3E500BF8B05 /* CompanyDetailsWorker.swift */,
				4346E9AD256FA40700BF8B05 /* CompanyDetailsModels.swift */,
				4346E9B0256FA42F00BF8B05 /* CompanyDetailsConfigurator.swift */,
			);
			path = CompanyDetails;
			sourceTree = "<group>";
		};
		436DE7C12578F27500FB02B8 /* Storage */ = {
			isa = PBXGroup;
			children = (
				436DE7C22578F2E500FB02B8 /* StorageManager.swift */,
			);
			path = Storage;
			sourceTree = "<group>";
		};
		436FFF6F25666A660093190C /* Service */ = {
			isa = PBXGroup;
			children = (
				4346E9B32570310300BF8B05 /* Entities */,
				436FFF7025666AA10093190C /* Client.swift */,
			);
			path = Service;
			sourceTree = "<group>";
		};
		43939057257104AA003E8675 /* Model */ = {
			isa = PBXGroup;
			children = (
				43939058257104DB003E8675 /* CompanyResult.swift */,
			);
			path = Model;
			sourceTree = "<group>";
		};
		43BF8630256556E100394FAD = {
			isa = PBXGroup;
			children = (
				43BF863B256556E100394FAD /* CompanyShares */,
				43BF863A256556E100394FAD /* Products */,
			);
			sourceTree = "<group>";
		};
		43BF863A256556E100394FAD /* Products */ = {
			isa = PBXGroup;
			children = (
				43BF8639256556E100394FAD /* CompanyShares.app */,
			);
			name = Products;
			sourceTree = "<group>";
		};
		43BF863B256556E100394FAD /* CompanyShares */ = {
			isa = PBXGroup;
			children = (
				435D7894257692B300A3385E /* CompanyCollection */,
				4363E38A256E992800345690 /* CompanyDetails */,
				43BF865225655B0F00394FAD /* CompanyList */,
				43939057257104AA003E8675 /* Model */,
				436FFF6F25666A660093190C /* Service */,
				436DE7C12578F27500FB02B8 /* Storage */,
				43BF863C256556E100394FAD /* AppDelegate.swift */,
				43BF863E256556E100394FAD /* SceneDelegate.swift */,
				43BF8647256556E200394FAD /* LaunchScreen.storyboard */,
				4363E396256EA1BE00345690 /* Assets.xcassets */,
				43BF864A256556E200394FAD /* Info.plist */,
				43986F4D2573FFA900EF002D /* Localizable.strings */,
			);
			path = CompanyShares;
			sourceTree = "<group>";
		};
		43BF865225655B0F00394FAD /* CompanyList */ = {
			isa = PBXGroup;
			children = (
				43BF8659256587E500394FAD /* CompanyListTableViewCell */,
				43BF8640256556E100394FAD /* CompanyListViewController.swift */,
				43BF865425655BB200394FAD /* CompanyListViewController.xib */,
				436FFF75256700730093190C /* CompanyListInteractor.swift */,
				436FFF782567010B0093190C /* CompanyListPresenter.swift */,
				436FFF7C256701380093190C /* CompanyListWorker.swift */,
				436FFF7F2567015A0093190C /* CompanyListRouter.swift */,
				436FFF82256703940093190C /* CompanyListModels.swift */,
				436FFF85256703C30093190C /* CompanyListConfigurator.swift */,
				436EB8D1256BF45200BC1561 /* SelfSizedTableView.swift */,
			);
			path = CompanyList;
			sourceTree = "<group>";
		};
		43BF8659256587E500394FAD /* CompanyListTableViewCell */ = {
			isa = PBXGroup;
			children = (
				43BF865A2565884600394FAD /* CompanyListTableViewCell.swift */,
				43BF865B2565884600394FAD /* CompanyListTableViewCell.xib */,
			);
			path = CompanyListTableViewCell;
			sourceTree = "<group>";
		};
/* End PBXGroup section */

/* Begin PBXNativeTarget section */
		43BF8638256556E100394FAD /* CompanyShares */ = {
			isa = PBXNativeTarget;
			buildConfigurationList = 43BF864D256556E200394FAD /* Build configuration list for PBXNativeTarget "CompanyShares" */;
			buildPhases = (
				43BF8635256556E100394FAD /* Sources */,
				43BF8636256556E100394FAD /* Frameworks */,
				43BF8637256556E100394FAD /* Resources */,
			);
			buildRules = (
			);
			dependencies = (
			);
			name = CompanyShares;
			packageProductDependencies = (
				43B53380257E258300FE2B18 /* Realm */,
				43B53382257E258300FE2B18 /* RealmSwift */,
			);
			productName = CompanyShares;
			productReference = 43BF8639256556E100394FAD /* CompanyShares.app */;
			productType = "com.apple.product-type.application";
		};
/* End PBXNativeTarget section */

/* Begin PBXProject section */
		43BF8631256556E100394FAD /* Project object */ = {
			isa = PBXProject;
			attributes = {
				LastSwiftUpdateCheck = 1200;
				LastUpgradeCheck = 1200;
				TargetAttributes = {
					43BF8638256556E100394FAD = {
						CreatedOnToolsVersion = 12.0.1;
					};
				};
			};
			buildConfigurationList = 43BF8634256556E100394FAD /* Build configuration list for PBXProject "CompanyShares" */;
			compatibilityVersion = "Xcode 9.3";
			developmentRegion = en;
			hasScannedForEncodings = 0;
			knownRegions = (
				en,
				Base,
				ru,
			);
			mainGroup = 43BF8630256556E100394FAD;
			packageReferences = (
				43B5337F257E258300FE2B18 /* XCRemoteSwiftPackageReference "realm-cocoa" */,
			);
			productRefGroup = 43BF863A256556E100394FAD /* Products */;
			projectDirPath = "";
			projectRoot = "";
			targets = (
				43BF8638256556E100394FAD /* CompanyShares */,
			);
		};
/* End PBXProject section */

/* Begin PBXResourcesBuildPhase section */
		43BF8637256556E100394FAD /* Resources */ = {
			isa = PBXResourcesBuildPhase;
			buildActionMask = 2147483647;
			files = (
				43428ADE25698C1700498505 /* CompanyCollectionViewCell.xib in Resources */,
				43BF865525655BB200394FAD /* CompanyListViewController.xib in Resources */,
				4363E38F256E9A1200345690 /* CompanyDetailsViewController.xib in Resources */,
				43986F4B2573FFA900EF002D /* Localizable.strings in Resources */,
				43BF865D2565884600394FAD /* CompanyListTableViewCell.xib in Resources */,
				4363E397256EA1BE00345690 /* Assets.xcassets in Resources */,
				435D7898257692F100A3385E /* CompanyCollectionViewController.xib in Resources */,
				43BF8649256556E200394FAD /* LaunchScreen.storyboard in Resources */,
			);
			runOnlyForDeploymentPostprocessing = 0;
		};
/* End PBXResourcesBuildPhase section */

/* Begin PBXSourcesBuildPhase section */
		43BF8635256556E100394FAD /* Sources */ = {
			isa = PBXSourcesBuildPhase;
			buildActionMask = 2147483647;
			files = (
				436FFF792567010B0093190C /* CompanyListPresenter.swift in Sources */,
				43BF8641256556E100394FAD /* CompanyListViewController.swift in Sources */,
				435D7897257692F100A3385E /* CompanyCollectionViewController.swift in Sources */,
				436FFF802567015A0093190C /* CompanyListRouter.swift in Sources */,
				436DE7CA25795C4000FB02B8 /* CompanyCollectionPresenter.swift in Sources */,
				43BF863D256556E100394FAD /* AppDelegate.swift in Sources */,
				4346E9B8257033A700BF8B05 /* Details.swift in Sources */,
				4363E388256E5EF200345690 /* CompaniesResponse.swift in Sources */,
				436DE7D025795C9F00FB02B8 /* CompanyCollectionConfigurator.swift in Sources */,
				436FFF7D256701380093190C /* CompanyListWorker.swift in Sources */,
				4346E9AE256FA40700BF8B05 /* CompanyDetailsModels.swift in Sources */,
				436FFF83256703940093190C /* CompanyListModels.swift in Sources */,
				4346E9BB257036B200BF8B05 /* DetailsResponse.swift in Sources */,
				4346E9B1256FA42F00BF8B05 /* CompanyDetailsConfigurator.swift in Sources */,
				4346E9AB256FA3E500BF8B05 /* CompanyDetailsWorker.swift in Sources */,
				436FFF7125666AA10093190C /* Client.swift in Sources */,
				436FFF76256700730093190C /* CompanyListInteractor.swift in Sources */,
				436DE7CD25795C7700FB02B8 /* CompanyCollectionModels.swift in Sources */,
				43BF863F256556E100394FAD /* SceneDelegate.swift in Sources */,
				43BF86622565A63600394FAD /* Company.swift in Sources */,
				43428ADD25698C1700498505 /* CompanyCollectionViewCell.swift in Sources */,
				436EB8D2256BF45200BC1561 /* SelfSizedTableView.swift in Sources */,
				4363E38C256E99C200345690 /* CompanyDetailsViewController.swift in Sources */,
				436FFF86256703C30093190C /* CompanyListConfigurator.swift in Sources */,
				43939059257104DB003E8675 /* CompanyResult.swift in Sources */,
				4346E9A5256FA38800BF8B05 /* CompanyDetailsInteractor.swift in Sources */,
				43BF865C2565884600394FAD /* CompanyListTableViewCell.swift in Sources */,
				4346E9A8256FA3B800BF8B05 /* CompanyDetailsPresenter.swift in Sources */,
				436DE7C32578F2E500FB02B8 /* StorageManager.swift in Sources */,
				436DE7C725795C1400FB02B8 /* CompanyCollectionInteractor.swift in Sources */,
			);
			runOnlyForDeploymentPostprocessing = 0;
		};
/* End PBXSourcesBuildPhase section */

/* Begin PBXVariantGroup section */
		43986F4D2573FFA900EF002D /* Localizable.strings */ = {
			isa = PBXVariantGroup;
			children = (
				43986F4C2573FFA900EF002D /* en */,
				43986F4F2573FFC200EF002D /* ru */,
			);
			name = Localizable.strings;
			sourceTree = "<group>";
		};
		43BF8647256556E200394FAD /* LaunchScreen.storyboard */ = {
			isa = PBXVariantGroup;
			children = (
				43BF8648256556E200394FAD /* Base */,
				43986F492573FF9000EF002D /* ru */,
			);
			name = LaunchScreen.storyboard;
			sourceTree = "<group>";
		};
/* End PBXVariantGroup section */

/* Begin XCBuildConfiguration section */
		43BF864B256556E200394FAD /* Debug */ = {
			isa = XCBuildConfiguration;
			buildSettings = {
				ALWAYS_SEARCH_USER_PATHS = NO;
				CLANG_ANALYZER_LOCALIZABILITY_NONLOCALIZED = YES;
				CLANG_ANALYZER_NONNULL = YES;
				CLANG_ANALYZER_NUMBER_OBJECT_CONVERSION = YES_AGGRESSIVE;
				CLANG_CXX_LANGUAGE_STANDARD = "gnu++14";
				CLANG_CXX_LIBRARY = "libc++";
				CLANG_ENABLE_MODULES = YES;
				CLANG_ENABLE_OBJC_ARC = YES;
				CLANG_ENABLE_OBJC_WEAK = YES;
				CLANG_WARN_BLOCK_CAPTURE_AUTORELEASING = YES;
				CLANG_WARN_BOOL_CONVERSION = YES;
				CLANG_WARN_COMMA = YES;
				CLANG_WARN_CONSTANT_CONVERSION = YES;
				CLANG_WARN_DEPRECATED_OBJC_IMPLEMENTATIONS = YES;
				CLANG_WARN_DIRECT_OBJC_ISA_USAGE = YES_ERROR;
				CLANG_WARN_DOCUMENTATION_COMMENTS = YES;
				CLANG_WARN_EMPTY_BODY = YES;
				CLANG_WARN_ENUM_CONVERSION = YES;
				CLANG_WARN_INFINITE_RECURSION = YES;
				CLANG_WARN_INT_CONVERSION = YES;
				CLANG_WARN_NON_LITERAL_NULL_CONVERSION = YES;
				CLANG_WARN_OBJC_IMPLICIT_RETAIN_SELF = YES;
				CLANG_WARN_OBJC_LITERAL_CONVERSION = YES;
				CLANG_WARN_OBJC_ROOT_CLASS = YES_ERROR;
				CLANG_WARN_QUOTED_INCLUDE_IN_FRAMEWORK_HEADER = YES;
				CLANG_WARN_RANGE_LOOP_ANALYSIS = YES;
				CLANG_WARN_STRICT_PROTOTYPES = YES;
				CLANG_WARN_SUSPICIOUS_MOVE = YES;
				CLANG_WARN_UNGUARDED_AVAILABILITY = YES_AGGRESSIVE;
				CLANG_WARN_UNREACHABLE_CODE = YES;
				CLANG_WARN__DUPLICATE_METHOD_MATCH = YES;
				COPY_PHASE_STRIP = NO;
				DEBUG_INFORMATION_FORMAT = dwarf;
				ENABLE_STRICT_OBJC_MSGSEND = YES;
				ENABLE_TESTABILITY = YES;
				GCC_C_LANGUAGE_STANDARD = gnu11;
				GCC_DYNAMIC_NO_PIC = NO;
				GCC_NO_COMMON_BLOCKS = YES;
				GCC_OPTIMIZATION_LEVEL = 0;
				GCC_PREPROCESSOR_DEFINITIONS = (
					"DEBUG=1",
					"$(inherited)",
				);
				GCC_WARN_64_TO_32_BIT_CONVERSION = YES;
				GCC_WARN_ABOUT_RETURN_TYPE = YES_ERROR;
				GCC_WARN_UNDECLARED_SELECTOR = YES;
				GCC_WARN_UNINITIALIZED_AUTOS = YES_AGGRESSIVE;
				GCC_WARN_UNUSED_FUNCTION = YES;
				GCC_WARN_UNUSED_VARIABLE = YES;
				IPHONEOS_DEPLOYMENT_TARGET = 14.0;
				MTL_ENABLE_DEBUG_INFO = INCLUDE_SOURCE;
				MTL_FAST_MATH = YES;
				ONLY_ACTIVE_ARCH = YES;
				SDKROOT = iphoneos;
				SWIFT_ACTIVE_COMPILATION_CONDITIONS = DEBUG;
				SWIFT_OPTIMIZATION_LEVEL = "-Onone";
			};
			name = Debug;
		};
		43BF864C256556E200394FAD /* Release */ = {
			isa = XCBuildConfiguration;
			buildSettings = {
				ALWAYS_SEARCH_USER_PATHS = NO;
				CLANG_ANALYZER_LOCALIZABILITY_NONLOCALIZED = YES;
				CLANG_ANALYZER_NONNULL = YES;
				CLANG_ANALYZER_NUMBER_OBJECT_CONVERSION = YES_AGGRESSIVE;
				CLANG_CXX_LANGUAGE_STANDARD = "gnu++14";
				CLANG_CXX_LIBRARY = "libc++";
				CLANG_ENABLE_MODULES = YES;
				CLANG_ENABLE_OBJC_ARC = YES;
				CLANG_ENABLE_OBJC_WEAK = YES;
				CLANG_WARN_BLOCK_CAPTURE_AUTORELEASING = YES;
				CLANG_WARN_BOOL_CONVERSION = YES;
				CLANG_WARN_COMMA = YES;
				CLANG_WARN_CONSTANT_CONVERSION = YES;
				CLANG_WARN_DEPRECATED_OBJC_IMPLEMENTATIONS = YES;
				CLANG_WARN_DIRECT_OBJC_ISA_USAGE = YES_ERROR;
				CLANG_WARN_DOCUMENTATION_COMMENTS = YES;
				CLANG_WARN_EMPTY_BODY = YES;
				CLANG_WARN_ENUM_CONVERSION = YES;
				CLANG_WARN_INFINITE_RECURSION = YES;
				CLANG_WARN_INT_CONVERSION = YES;
				CLANG_WARN_NON_LITERAL_NULL_CONVERSION = YES;
				CLANG_WARN_OBJC_IMPLICIT_RETAIN_SELF = YES;
				CLANG_WARN_OBJC_LITERAL_CONVERSION = YES;
				CLANG_WARN_OBJC_ROOT_CLASS = YES_ERROR;
				CLANG_WARN_QUOTED_INCLUDE_IN_FRAMEWORK_HEADER = YES;
				CLANG_WARN_RANGE_LOOP_ANALYSIS = YES;
				CLANG_WARN_STRICT_PROTOTYPES = YES;
				CLANG_WARN_SUSPICIOUS_MOVE = YES;
				CLANG_WARN_UNGUARDED_AVAILABILITY = YES_AGGRESSIVE;
				CLANG_WARN_UNREACHABLE_CODE = YES;
				CLANG_WARN__DUPLICATE_METHOD_MATCH = YES;
				COPY_PHASE_STRIP = NO;
				DEBUG_INFORMATION_FORMAT = "dwarf-with-dsym";
				ENABLE_NS_ASSERTIONS = NO;
				ENABLE_STRICT_OBJC_MSGSEND = YES;
				GCC_C_LANGUAGE_STANDARD = gnu11;
				GCC_NO_COMMON_BLOCKS = YES;
				GCC_WARN_64_TO_32_BIT_CONVERSION = YES;
				GCC_WARN_ABOUT_RETURN_TYPE = YES_ERROR;
				GCC_WARN_UNDECLARED_SELECTOR = YES;
				GCC_WARN_UNINITIALIZED_AUTOS = YES_AGGRESSIVE;
				GCC_WARN_UNUSED_FUNCTION = YES;
				GCC_WARN_UNUSED_VARIABLE = YES;
				IPHONEOS_DEPLOYMENT_TARGET = 14.0;
				MTL_ENABLE_DEBUG_INFO = NO;
				MTL_FAST_MATH = YES;
				SDKROOT = iphoneos;
				SWIFT_COMPILATION_MODE = wholemodule;
				SWIFT_OPTIMIZATION_LEVEL = "-O";
				VALIDATE_PRODUCT = YES;
			};
			name = Release;
		};
		43BF864E256556E200394FAD /* Debug */ = {
			isa = XCBuildConfiguration;
			buildSettings = {
				ASSETCATALOG_COMPILER_APPICON_NAME = AppIcon;
				ASSETCATALOG_COMPILER_GLOBAL_ACCENT_COLOR_NAME = AccentColor;
				CODE_SIGN_STYLE = Automatic;
				DEVELOPMENT_TEAM = 7R57YX4YHA;
				INFOPLIST_FILE = CompanyShares/Info.plist;
				IPHONEOS_DEPLOYMENT_TARGET = 13.0;
				LD_RUNPATH_SEARCH_PATHS = (
					"$(inherited)",
					"@executable_path/Frameworks",
				);
				PRODUCT_BUNDLE_IDENTIFIER = senla.CompanyShares;
				PRODUCT_NAME = "$(TARGET_NAME)";
				SWIFT_VERSION = 5.0;
				TARGETED_DEVICE_FAMILY = "1,2";
			};
			name = Debug;
		};
		43BF864F256556E200394FAD /* Release */ = {
			isa = XCBuildConfiguration;
			buildSettings = {
				ASSETCATALOG_COMPILER_APPICON_NAME = AppIcon;
				ASSETCATALOG_COMPILER_GLOBAL_ACCENT_COLOR_NAME = AccentColor;
				CODE_SIGN_STYLE = Automatic;
				DEVELOPMENT_TEAM = 7R57YX4YHA;
				INFOPLIST_FILE = CompanyShares/Info.plist;
				IPHONEOS_DEPLOYMENT_TARGET = 13.0;
				LD_RUNPATH_SEARCH_PATHS = (
					"$(inherited)",
					"@executable_path/Frameworks",
				);
				PRODUCT_BUNDLE_IDENTIFIER = senla.CompanyShares;
				PRODUCT_NAME = "$(TARGET_NAME)";
				SWIFT_VERSION = 5.0;
				TARGETED_DEVICE_FAMILY = "1,2";
			};
			name = Release;
		};
/* End XCBuildConfiguration section */

/* Begin XCConfigurationList section */
		43BF8634256556E100394FAD /* Build configuration list for PBXProject "CompanyShares" */ = {
			isa = XCConfigurationList;
			buildConfigurations = (
				43BF864B256556E200394FAD /* Debug */,
				43BF864C256556E200394FAD /* Release */,
			);
			defaultConfigurationIsVisible = 0;
			defaultConfigurationName = Release;
		};
		43BF864D256556E200394FAD /* Build configuration list for PBXNativeTarget "CompanyShares" */ = {
			isa = XCConfigurationList;
			buildConfigurations = (
				43BF864E256556E200394FAD /* Debug */,
				43BF864F256556E200394FAD /* Release */,
			);
			defaultConfigurationIsVisible = 0;
			defaultConfigurationName = Release;
		};
/* End XCConfigurationList section */

/* Begin XCRemoteSwiftPackageReference section */
		43B5337F257E258300FE2B18 /* XCRemoteSwiftPackageReference "realm-cocoa" */ = {
			isa = XCRemoteSwiftPackageReference;
			repositoryURL = "https://github.com/realm/realm-cocoa";
			requirement = {
				kind = upToNextMajorVersion;
				minimumVersion = 10.2.0;
			};
		};
/* End XCRemoteSwiftPackageReference section */

/* Begin XCSwiftPackageProductDependency section */
		43B53380257E258300FE2B18 /* Realm */ = {
			isa = XCSwiftPackageProductDependency;
			package = 43B5337F257E258300FE2B18 /* XCRemoteSwiftPackageReference "realm-cocoa" */;
			productName = Realm;
		};
		43B53382257E258300FE2B18 /* RealmSwift */ = {
			isa = XCSwiftPackageProductDependency;
			package = 43B5337F257E258300FE2B18 /* XCRemoteSwiftPackageReference "realm-cocoa" */;
			productName = RealmSwift;
		};
/* End XCSwiftPackageProductDependency section */
	};
	rootObject = 43BF8631256556E100394FAD /* Project object */;
}
